// !$*UTF8*$!
{
	archiveVersion = 1;
	classes = {
	};
	objectVersion = 46;
	objects = {

/* Begin PBXBuildFile section */
		2FAC4E0A1875BA44008D46D4 /* Foundation.framework in Frameworks */ = {isa = PBXBuildFile; fileRef = 2FAC4E091875BA44008D46D4 /* Foundation.framework */; };
		2FAC4E0C1875BA44008D46D4 /* CoreGraphics.framework in Frameworks */ = {isa = PBXBuildFile; fileRef = 2FAC4E0B1875BA44008D46D4 /* CoreGraphics.framework */; };
		2FAC4E0E1875BA44008D46D4 /* UIKit.framework in Frameworks */ = {isa = PBXBuildFile; fileRef = 2FAC4E0D1875BA44008D46D4 /* UIKit.framework */; };
		2FAC4E101875BA44008D46D4 /* CoreData.framework in Frameworks */ = {isa = PBXBuildFile; fileRef = 2FAC4E0F1875BA44008D46D4 /* CoreData.framework */; };
		2FAC4E161875BA44008D46D4 /* InfoPlist.strings in Resources */ = {isa = PBXBuildFile; fileRef = 2FAC4E141875BA44008D46D4 /* InfoPlist.strings */; };
		2FAC4E181875BA44008D46D4 /* main.m in Sources */ = {isa = PBXBuildFile; fileRef = 2FAC4E171875BA44008D46D4 /* main.m */; };
		2FAC4E1C1875BA44008D46D4 /* SLAppDelegate.m in Sources */ = {isa = PBXBuildFile; fileRef = 2FAC4E1B1875BA44008D46D4 /* SLAppDelegate.m */; };
		2FAC4E1F1875BA44008D46D4 /* Main_iPhone.storyboard in Resources */ = {isa = PBXBuildFile; fileRef = 2FAC4E1D1875BA44008D46D4 /* Main_iPhone.storyboard */; };
		2FAC4E221875BA44008D46D4 /* Main_iPad.storyboard in Resources */ = {isa = PBXBuildFile; fileRef = 2FAC4E201875BA44008D46D4 /* Main_iPad.storyboard */; };
		2FAC4E251875BA44008D46D4 /* Staticly.xcdatamodeld in Sources */ = {isa = PBXBuildFile; fileRef = 2FAC4E231875BA44008D46D4 /* Staticly.xcdatamodeld */; };
		2FAC4E2D1875BA44008D46D4 /* Images.xcassets in Resources */ = {isa = PBXBuildFile; fileRef = 2FAC4E2C1875BA44008D46D4 /* Images.xcassets */; };
		2FAC4E341875BA44008D46D4 /* XCTest.framework in Frameworks */ = {isa = PBXBuildFile; fileRef = 2FAC4E331875BA44008D46D4 /* XCTest.framework */; };
		2FAC4E351875BA44008D46D4 /* Foundation.framework in Frameworks */ = {isa = PBXBuildFile; fileRef = 2FAC4E091875BA44008D46D4 /* Foundation.framework */; };
		2FAC4E361875BA44008D46D4 /* UIKit.framework in Frameworks */ = {isa = PBXBuildFile; fileRef = 2FAC4E0D1875BA44008D46D4 /* UIKit.framework */; };
		2FAC4E371875BA44008D46D4 /* CoreData.framework in Frameworks */ = {isa = PBXBuildFile; fileRef = 2FAC4E0F1875BA44008D46D4 /* CoreData.framework */; };
		2FAC4E3F1875BA44008D46D4 /* InfoPlist.strings in Resources */ = {isa = PBXBuildFile; fileRef = 2FAC4E3D1875BA44008D46D4 /* InfoPlist.strings */; };
		2FAC4E411875BA44008D46D4 /* StaticlyTests.m in Sources */ = {isa = PBXBuildFile; fileRef = 2FAC4E401875BA44008D46D4 /* StaticlyTests.m */; };
		D485792D85EA4681B9A563E5 /* libPods-Staticly.a in Frameworks */ = {isa = PBXBuildFile; fileRef = 803A3C67DC77411E903E35D0 /* libPods-Staticly.a */; };
/* End PBXBuildFile section */

/* Begin PBXContainerItemProxy section */
		2FAC4E381875BA44008D46D4 /* PBXContainerItemProxy */ = {
			isa = PBXContainerItemProxy;
			containerPortal = 2FAC4DFE1875BA44008D46D4 /* Project object */;
			proxyType = 1;
			remoteGlobalIDString = 2FAC4E051875BA44008D46D4;
			remoteInfo = Staticly;
		};
/* End PBXContainerItemProxy section */

/* Begin PBXFileReference section */
		2FAC4E061875BA44008D46D4 /* Staticly.app */ = {isa = PBXFileReference; explicitFileType = wrapper.application; includeInIndex = 0; path = Staticly.app; sourceTree = BUILT_PRODUCTS_DIR; };
		2FAC4E091875BA44008D46D4 /* Foundation.framework */ = {isa = PBXFileReference; lastKnownFileType = wrapper.framework; name = Foundation.framework; path = System/Library/Frameworks/Foundation.framework; sourceTree = SDKROOT; };
		2FAC4E0B1875BA44008D46D4 /* CoreGraphics.framework */ = {isa = PBXFileReference; lastKnownFileType = wrapper.framework; name = CoreGraphics.framework; path = System/Library/Frameworks/CoreGraphics.framework; sourceTree = SDKROOT; };
		2FAC4E0D1875BA44008D46D4 /* UIKit.framework */ = {isa = PBXFileReference; lastKnownFileType = wrapper.framework; name = UIKit.framework; path = System/Library/Frameworks/UIKit.framework; sourceTree = SDKROOT; };
		2FAC4E0F1875BA44008D46D4 /* CoreData.framework */ = {isa = PBXFileReference; lastKnownFileType = wrapper.framework; name = CoreData.framework; path = System/Library/Frameworks/CoreData.framework; sourceTree = SDKROOT; };
		2FAC4E131875BA44008D46D4 /* Staticly-Info.plist */ = {isa = PBXFileReference; lastKnownFileType = text.plist.xml; path = "Staticly-Info.plist"; sourceTree = "<group>"; };
		2FAC4E151875BA44008D46D4 /* en */ = {isa = PBXFileReference; lastKnownFileType = text.plist.strings; name = en; path = en.lproj/InfoPlist.strings; sourceTree = "<group>"; };
		2FAC4E171875BA44008D46D4 /* main.m */ = {isa = PBXFileReference; lastKnownFileType = sourcecode.c.objc; path = main.m; sourceTree = "<group>"; };
		2FAC4E191875BA44008D46D4 /* Staticly-Prefix.pch */ = {isa = PBXFileReference; lastKnownFileType = sourcecode.c.h; path = "Staticly-Prefix.pch"; sourceTree = "<group>"; };
		2FAC4E1A1875BA44008D46D4 /* SLAppDelegate.h */ = {isa = PBXFileReference; lastKnownFileType = sourcecode.c.h; path = SLAppDelegate.h; sourceTree = "<group>"; };
		2FAC4E1B1875BA44008D46D4 /* SLAppDelegate.m */ = {isa = PBXFileReference; lastKnownFileType = sourcecode.c.objc; path = SLAppDelegate.m; sourceTree = "<group>"; };
		2FAC4E1E1875BA44008D46D4 /* Base */ = {isa = PBXFileReference; lastKnownFileType = file.storyboard; name = Base; path = Base.lproj/Main_iPhone.storyboard; sourceTree = "<group>"; };
		2FAC4E211875BA44008D46D4 /* Base */ = {isa = PBXFileReference; lastKnownFileType = file.storyboard; name = Base; path = Base.lproj/Main_iPad.storyboard; sourceTree = "<group>"; };
		2FAC4E241875BA44008D46D4 /* Staticly.xcdatamodel */ = {isa = PBXFileReference; lastKnownFileType = wrapper.xcdatamodel; path = Staticly.xcdatamodel; sourceTree = "<group>"; };
		2FAC4E2C1875BA44008D46D4 /* Images.xcassets */ = {isa = PBXFileReference; lastKnownFileType = folder.assetcatalog; path = Images.xcassets; sourceTree = "<group>"; };
		2FAC4E321875BA44008D46D4 /* StaticlyTests.xctest */ = {isa = PBXFileReference; explicitFileType = wrapper.cfbundle; includeInIndex = 0; path = StaticlyTests.xctest; sourceTree = BUILT_PRODUCTS_DIR; };
		2FAC4E331875BA44008D46D4 /* XCTest.framework */ = {isa = PBXFileReference; lastKnownFileType = wrapper.framework; name = XCTest.framework; path = Library/Frameworks/XCTest.framework; sourceTree = DEVELOPER_DIR; };
		2FAC4E3C1875BA44008D46D4 /* StaticlyTests-Info.plist */ = {isa = PBXFileReference; lastKnownFileType = text.plist.xml; path = "StaticlyTests-Info.plist"; sourceTree = "<group>"; };
		2FAC4E3E1875BA44008D46D4 /* en */ = {isa = PBXFileReference; lastKnownFileType = text.plist.strings; name = en; path = en.lproj/InfoPlist.strings; sourceTree = "<group>"; };
		2FAC4E401875BA44008D46D4 /* StaticlyTests.m */ = {isa = PBXFileReference; lastKnownFileType = sourcecode.c.objc; path = StaticlyTests.m; sourceTree = "<group>"; };
		803A3C67DC77411E903E35D0 /* libPods-Staticly.a */ = {isa = PBXFileReference; explicitFileType = archive.ar; includeInIndex = 0; path = "libPods-Staticly.a"; sourceTree = BUILT_PRODUCTS_DIR; };
		E284E42D29D1489AAED9412C /* Pods-Staticly.xcconfig */ = {isa = PBXFileReference; includeInIndex = 1; lastKnownFileType = text.xcconfig; name = "Pods-Staticly.xcconfig"; path = "Pods/Pods-Staticly.xcconfig"; sourceTree = "<group>"; };
/* End PBXFileReference section */

/* Begin PBXFrameworksBuildPhase section */
		2FAC4E031875BA44008D46D4 /* Frameworks */ = {
			isa = PBXFrameworksBuildPhase;
			buildActionMask = 2147483647;
			files = (
				2FAC4E0C1875BA44008D46D4 /* CoreGraphics.framework in Frameworks */,
				2FAC4E101875BA44008D46D4 /* CoreData.framework in Frameworks */,
				2FAC4E0E1875BA44008D46D4 /* UIKit.framework in Frameworks */,
				2FAC4E0A1875BA44008D46D4 /* Foundation.framework in Frameworks */,
				D485792D85EA4681B9A563E5 /* libPods-Staticly.a in Frameworks */,
			);
			runOnlyForDeploymentPostprocessing = 0;
		};
		2FAC4E2F1875BA44008D46D4 /* Frameworks */ = {
			isa = PBXFrameworksBuildPhase;
			buildActionMask = 2147483647;
			files = (
				2FAC4E341875BA44008D46D4 /* XCTest.framework in Frameworks */,
				2FAC4E371875BA44008D46D4 /* CoreData.framework in Frameworks */,
				2FAC4E361875BA44008D46D4 /* UIKit.framework in Frameworks */,
				2FAC4E351875BA44008D46D4 /* Foundation.framework in Frameworks */,
			);
			runOnlyForDeploymentPostprocessing = 0;
		};
/* End PBXFrameworksBuildPhase section */

/* Begin PBXGroup section */
		2FAC4DFD1875BA44008D46D4 = {
			isa = PBXGroup;
			children = (
				2FAC4E111875BA44008D46D4 /* Staticly */,
				2FAC4E3A1875BA44008D46D4 /* StaticlyTests */,
				2FAC4E081875BA44008D46D4 /* Frameworks */,
				2FAC4E071875BA44008D46D4 /* Products */,
				E284E42D29D1489AAED9412C /* Pods-Staticly.xcconfig */,
			);
			sourceTree = "<group>";
		};
		2FAC4E071875BA44008D46D4 /* Products */ = {
			isa = PBXGroup;
			children = (
				2FAC4E061875BA44008D46D4 /* Staticly.app */,
				2FAC4E321875BA44008D46D4 /* StaticlyTests.xctest */,
			);
			name = Products;
			sourceTree = "<group>";
		};
		2FAC4E081875BA44008D46D4 /* Frameworks */ = {
			isa = PBXGroup;
			children = (
				2FAC4E091875BA44008D46D4 /* Foundation.framework */,
				2FAC4E0B1875BA44008D46D4 /* CoreGraphics.framework */,
				2FAC4E0D1875BA44008D46D4 /* UIKit.framework */,
				2FAC4E0F1875BA44008D46D4 /* CoreData.framework */,
				2FAC4E331875BA44008D46D4 /* XCTest.framework */,
				803A3C67DC77411E903E35D0 /* libPods-Staticly.a */,
			);
			name = Frameworks;
			sourceTree = "<group>";
		};
		2FAC4E111875BA44008D46D4 /* Staticly */ = {
			isa = PBXGroup;
			children = (
				2FAC4E1A1875BA44008D46D4 /* SLAppDelegate.h */,
				2FAC4E1B1875BA44008D46D4 /* SLAppDelegate.m */,
				2FAC4E1D1875BA44008D46D4 /* Main_iPhone.storyboard */,
				2FAC4E201875BA44008D46D4 /* Main_iPad.storyboard */,
				2FAC4E2C1875BA44008D46D4 /* Images.xcassets */,
				2FAC4E231875BA44008D46D4 /* Staticly.xcdatamodeld */,
				2FAC4E121875BA44008D46D4 /* Supporting Files */,
			);
			path = Staticly;
			sourceTree = "<group>";
		};
		2FAC4E121875BA44008D46D4 /* Supporting Files */ = {
			isa = PBXGroup;
			children = (
				2FAC4E131875BA44008D46D4 /* Staticly-Info.plist */,
				2FAC4E141875BA44008D46D4 /* InfoPlist.strings */,
				2FAC4E171875BA44008D46D4 /* main.m */,
				2FAC4E191875BA44008D46D4 /* Staticly-Prefix.pch */,
			);
			name = "Supporting Files";
			sourceTree = "<group>";
		};
		2FAC4E3A1875BA44008D46D4 /* StaticlyTests */ = {
			isa = PBXGroup;
			children = (
				2FAC4E401875BA44008D46D4 /* StaticlyTests.m */,
				2FAC4E3B1875BA44008D46D4 /* Supporting Files */,
			);
			path = StaticlyTests;
			sourceTree = "<group>";
		};
		2FAC4E3B1875BA44008D46D4 /* Supporting Files */ = {
			isa = PBXGroup;
			children = (
				2FAC4E3C1875BA44008D46D4 /* StaticlyTests-Info.plist */,
				2FAC4E3D1875BA44008D46D4 /* InfoPlist.strings */,
			);
			name = "Supporting Files";
			sourceTree = "<group>";
		};
/* End PBXGroup section */

/* Begin PBXNativeTarget section */
		2FAC4E051875BA44008D46D4 /* Staticly */ = {
			isa = PBXNativeTarget;
			buildConfigurationList = 2FAC4E441875BA44008D46D4 /* Build configuration list for PBXNativeTarget "Staticly" */;
			buildPhases = (
				BEC07025BA6345A79931F6C7 /* Check Pods Manifest.lock */,
				2FAC4E021875BA44008D46D4 /* Sources */,
				2FAC4E031875BA44008D46D4 /* Frameworks */,
				2FAC4E041875BA44008D46D4 /* Resources */,
				F3BF3A9B95594969B1C5E7F5 /* Copy Pods Resources */,
			);
			buildRules = (
			);
			dependencies = (
			);
			name = Staticly;
			productName = Staticly;
			productReference = 2FAC4E061875BA44008D46D4 /* Staticly.app */;
			productType = "com.apple.product-type.application";
		};
		2FAC4E311875BA44008D46D4 /* StaticlyTests */ = {
			isa = PBXNativeTarget;
			buildConfigurationList = 2FAC4E471875BA44008D46D4 /* Build configuration list for PBXNativeTarget "StaticlyTests" */;
			buildPhases = (
				2FAC4E2E1875BA44008D46D4 /* Sources */,
				2FAC4E2F1875BA44008D46D4 /* Frameworks */,
				2FAC4E301875BA44008D46D4 /* Resources */,
			);
			buildRules = (
			);
			dependencies = (
				2FAC4E391875BA44008D46D4 /* PBXTargetDependency */,
			);
			name = StaticlyTests;
			productName = StaticlyTests;
			productReference = 2FAC4E321875BA44008D46D4 /* StaticlyTests.xctest */;
			productType = "com.apple.product-type.bundle.unit-test";
		};
/* End PBXNativeTarget section */

/* Begin PBXProject section */
		2FAC4DFE1875BA44008D46D4 /* Project object */ = {
			isa = PBXProject;
			attributes = {
				CLASSPREFIX = SL;
				LastUpgradeCheck = 0500;
				ORGANIZATIONNAME = "Bradley Ringel";
				TargetAttributes = {
					2FAC4E051875BA44008D46D4 = {
						DevelopmentTeam = HK7854N4SL;
					};
					2FAC4E311875BA44008D46D4 = {
						TestTargetID = 2FAC4E051875BA44008D46D4;
					};
				};
			};
			buildConfigurationList = 2FAC4E011875BA44008D46D4 /* Build configuration list for PBXProject "Staticly" */;
			compatibilityVersion = "Xcode 3.2";
			developmentRegion = English;
			hasScannedForEncodings = 0;
			knownRegions = (
				en,
				Base,
			);
			mainGroup = 2FAC4DFD1875BA44008D46D4;
			productRefGroup = 2FAC4E071875BA44008D46D4 /* Products */;
			projectDirPath = "";
			projectRoot = "";
			targets = (
				2FAC4E051875BA44008D46D4 /* Staticly */,
				2FAC4E311875BA44008D46D4 /* StaticlyTests */,
			);
		};
/* End PBXProject section */

/* Begin PBXResourcesBuildPhase section */
		2FAC4E041875BA44008D46D4 /* Resources */ = {
			isa = PBXResourcesBuildPhase;
			buildActionMask = 2147483647;
			files = (
				2FAC4E221875BA44008D46D4 /* Main_iPad.storyboard in Resources */,
				2FAC4E2D1875BA44008D46D4 /* Images.xcassets in Resources */,
				2FAC4E1F1875BA44008D46D4 /* Main_iPhone.storyboard in Resources */,
				2FAC4E161875BA44008D46D4 /* InfoPlist.strings in Resources */,
			);
			runOnlyForDeploymentPostprocessing = 0;
		};
		2FAC4E301875BA44008D46D4 /* Resources */ = {
			isa = PBXResourcesBuildPhase;
			buildActionMask = 2147483647;
			files = (
				2FAC4E3F1875BA44008D46D4 /* InfoPlist.strings in Resources */,
			);
			runOnlyForDeploymentPostprocessing = 0;
		};
/* End PBXResourcesBuildPhase section */

/* Begin PBXShellScriptBuildPhase section */
		BEC07025BA6345A79931F6C7 /* Check Pods Manifest.lock */ = {
			isa = PBXShellScriptBuildPhase;
			buildActionMask = 2147483647;
			files = (
			);
			inputPaths = (
			);
			name = "Check Pods Manifest.lock";
			outputPaths = (
			);
			runOnlyForDeploymentPostprocessing = 0;
			shellPath = /bin/sh;
			shellScript = "diff \"${PODS_ROOT}/../Podfile.lock\" \"${PODS_ROOT}/Manifest.lock\" > /dev/null\nif [[ $? != 0 ]] ; then\n    cat << EOM\nerror: The sandbox is not in sync with the Podfile.lock. Run 'pod install' or update your CocoaPods installation.\nEOM\n    exit 1\nfi\n";
			showEnvVarsInLog = 0;
		};
		F3BF3A9B95594969B1C5E7F5 /* Copy Pods Resources */ = {
			isa = PBXShellScriptBuildPhase;
			buildActionMask = 2147483647;
			files = (
			);
			inputPaths = (
			);
			name = "Copy Pods Resources";
			outputPaths = (
			);
			runOnlyForDeploymentPostprocessing = 0;
			shellPath = /bin/sh;
			shellScript = "\"${SRCROOT}/Pods/Pods-Staticly-resources.sh\"\n";
			showEnvVarsInLog = 0;
		};
/* End PBXShellScriptBuildPhase section */

/* Begin PBXSourcesBuildPhase section */
		2FAC4E021875BA44008D46D4 /* Sources */ = {
			isa = PBXSourcesBuildPhase;
			buildActionMask = 2147483647;
			files = (
				2FAC4E181875BA44008D46D4 /* main.m in Sources */,
				2FAC4E251875BA44008D46D4 /* Staticly.xcdatamodeld in Sources */,
				2FAC4E1C1875BA44008D46D4 /* SLAppDelegate.m in Sources */,
			);
			runOnlyForDeploymentPostprocessing = 0;
		};
		2FAC4E2E1875BA44008D46D4 /* Sources */ = {
			isa = PBXSourcesBuildPhase;
			buildActionMask = 2147483647;
			files = (
				2FAC4E411875BA44008D46D4 /* StaticlyTests.m in Sources */,
			);
			runOnlyForDeploymentPostprocessing = 0;
		};
/* End PBXSourcesBuildPhase section */

/* Begin PBXTargetDependency section */
		2FAC4E391875BA44008D46D4 /* PBXTargetDependency */ = {
			isa = PBXTargetDependency;
			target = 2FAC4E051875BA44008D46D4 /* Staticly */;
			targetProxy = 2FAC4E381875BA44008D46D4 /* PBXContainerItemProxy */;
		};
/* End PBXTargetDependency section */

/* Begin PBXVariantGroup section */
		2FAC4E141875BA44008D46D4 /* InfoPlist.strings */ = {
			isa = PBXVariantGroup;
			children = (
				2FAC4E151875BA44008D46D4 /* en */,
			);
			name = InfoPlist.strings;
			sourceTree = "<group>";
		};
		2FAC4E1D1875BA44008D46D4 /* Main_iPhone.storyboard */ = {
			isa = PBXVariantGroup;
			children = (
				2FAC4E1E1875BA44008D46D4 /* Base */,
			);
			name = Main_iPhone.storyboard;
			sourceTree = "<group>";
		};
		2FAC4E201875BA44008D46D4 /* Main_iPad.storyboard */ = {
			isa = PBXVariantGroup;
			children = (
				2FAC4E211875BA44008D46D4 /* Base */,
			);
			name = Main_iPad.storyboard;
			sourceTree = "<group>";
		};
		2FAC4E3D1875BA44008D46D4 /* InfoPlist.strings */ = {
			isa = PBXVariantGroup;
			children = (
				2FAC4E3E1875BA44008D46D4 /* en */,
			);
			name = InfoPlist.strings;
			sourceTree = "<group>";
		};
/* End PBXVariantGroup section */

/* Begin XCBuildConfiguration section */
		2FAC4E421875BA44008D46D4 /* Debug */ = {
			isa = XCBuildConfiguration;
			buildSettings = {
				ALWAYS_SEARCH_USER_PATHS = NO;
				ARCHS = "$(ARCHS_STANDARD_INCLUDING_64_BIT)";
				CLANG_CXX_LANGUAGE_STANDARD = "gnu++0x";
				CLANG_CXX_LIBRARY = "libc++";
				CLANG_ENABLE_MODULES = YES;
				CLANG_ENABLE_OBJC_ARC = YES;
				CLANG_WARN_BOOL_CONVERSION = YES;
				CLANG_WARN_CONSTANT_CONVERSION = YES;
				CLANG_WARN_DIRECT_OBJC_ISA_USAGE = YES_ERROR;
				CLANG_WARN_EMPTY_BODY = YES;
				CLANG_WARN_ENUM_CONVERSION = YES;
				CLANG_WARN_INT_CONVERSION = YES;
				CLANG_WARN_OBJC_ROOT_CLASS = YES_ERROR;
				CLANG_WARN__DUPLICATE_METHOD_MATCH = YES;
				"CODE_SIGN_IDENTITY[sdk=iphoneos*]" = "iPhone Developer";
				COPY_PHASE_STRIP = NO;
				GCC_C_LANGUAGE_STANDARD = gnu99;
				GCC_DYNAMIC_NO_PIC = NO;
				GCC_OPTIMIZATION_LEVEL = 0;
				GCC_PREPROCESSOR_DEFINITIONS = (
					"DEBUG=1",
					"$(inherited)",
				);
				GCC_SYMBOLS_PRIVATE_EXTERN = NO;
				GCC_WARN_64_TO_32_BIT_CONVERSION = YES;
				GCC_WARN_ABOUT_RETURN_TYPE = YES_ERROR;
				GCC_WARN_UNDECLARED_SELECTOR = YES;
				GCC_WARN_UNINITIALIZED_AUTOS = YES;
				GCC_WARN_UNUSED_FUNCTION = YES;
				GCC_WARN_UNUSED_VARIABLE = YES;
				IPHONEOS_DEPLOYMENT_TARGET = 7.0;
				ONLY_ACTIVE_ARCH = YES;
				SDKROOT = iphoneos;
				TARGETED_DEVICE_FAMILY = "1,2";
			};
			name = Debug;
		};
		2FAC4E431875BA44008D46D4 /* Release */ = {
			isa = XCBuildConfiguration;
			buildSettings = {
				ALWAYS_SEARCH_USER_PATHS = NO;
				ARCHS = "$(ARCHS_STANDARD_INCLUDING_64_BIT)";
				CLANG_CXX_LANGUAGE_STANDARD = "gnu++0x";
				CLANG_CXX_LIBRARY = "libc++";
				CLANG_ENABLE_MODULES = YES;
				CLANG_ENABLE_OBJC_ARC = YES;
				CLANG_WARN_BOOL_CONVERSION = YES;
				CLANG_WARN_CONSTANT_CONVERSION = YES;
				CLANG_WARN_DIRECT_OBJC_ISA_USAGE = YES_ERROR;
				CLANG_WARN_EMPTY_BODY = YES;
				CLANG_WARN_ENUM_CONVERSION = YES;
				CLANG_WARN_INT_CONVERSION = YES;
				CLANG_WARN_OBJC_ROOT_CLASS = YES_ERROR;
				CLANG_WARN__DUPLICATE_METHOD_MATCH = YES;
				"CODE_SIGN_IDENTITY[sdk=iphoneos*]" = "iPhone Developer";
				COPY_PHASE_STRIP = YES;
				ENABLE_NS_ASSERTIONS = NO;
				GCC_C_LANGUAGE_STANDARD = gnu99;
				GCC_WARN_64_TO_32_BIT_CONVERSION = YES;
				GCC_WARN_ABOUT_RETURN_TYPE = YES_ERROR;
				GCC_WARN_UNDECLARED_SELECTOR = YES;
				GCC_WARN_UNINITIALIZED_AUTOS = YES;
				GCC_WARN_UNUSED_FUNCTION = YES;
				GCC_WARN_UNUSED_VARIABLE = YES;
				IPHONEOS_DEPLOYMENT_TARGET = 7.0;
				SDKROOT = iphoneos;
				TARGETED_DEVICE_FAMILY = "1,2";
				VALIDATE_PRODUCT = YES;
			};
			name = Release;
		};
		2FAC4E451875BA44008D46D4 /* Debug */ = {
			isa = XCBuildConfiguration;
			baseConfigurationReference = E284E42D29D1489AAED9412C /* Pods-Staticly.xcconfig */;
			buildSettings = {
				ASSETCATALOG_COMPILER_APPICON_NAME = AppIcon;
				ASSETCATALOG_COMPILER_LAUNCHIMAGE_NAME = LaunchImage;
				CODE_SIGN_IDENTITY = "iPhone Developer";
				GCC_PRECOMPILE_PREFIX_HEADER = YES;
				GCC_PREFIX_HEADER = "Staticly/Staticly-Prefix.pch";
				INFOPLIST_FILE = "Staticly/Staticly-Info.plist";
				IPHONEOS_DEPLOYMENT_TARGET = 6.1;
				PRODUCT_NAME = "$(TARGET_NAME)";
				WRAPPER_EXTENSION = app;
			};
			name = Debug;
		};
		2FAC4E461875BA44008D46D4 /* Release */ = {
			isa = XCBuildConfiguration;
			baseConfigurationReference = E284E42D29D1489AAED9412C /* Pods-Staticly.xcconfig */;
			buildSettings = {
				ASSETCATALOG_COMPILER_APPICON_NAME = AppIcon;
				ASSETCATALOG_COMPILER_LAUNCHIMAGE_NAME = LaunchImage;
				CODE_SIGN_IDENTITY = "iPhone Developer";
				GCC_PRECOMPILE_PREFIX_HEADER = YES;
				GCC_PREFIX_HEADER = "Staticly/Staticly-Prefix.pch";
				INFOPLIST_FILE = "Staticly/Staticly-Info.plist";
				IPHONEOS_DEPLOYMENT_TARGET = 6.1;
				PRODUCT_NAME = "$(TARGET_NAME)";
				WRAPPER_EXTENSION = app;
			};
			name = Release;
		};
		2FAC4E481875BA44008D46D4 /* Debug */ = {
			isa = XCBuildConfiguration;
			buildSettings = {
				ARCHS = "$(ARCHS_STANDARD_INCLUDING_64_BIT)";
				BUNDLE_LOADER = "$(BUILT_PRODUCTS_DIR)/Staticly.app/Staticly";
				FRAMEWORK_SEARCH_PATHS = (
					"$(SDKROOT)/Developer/Library/Frameworks",
					"$(inherited)",
					"$(DEVELOPER_FRAMEWORKS_DIR)",
				);
				GCC_PRECOMPILE_PREFIX_HEADER = YES;
				GCC_PREFIX_HEADER = "Staticly/Staticly-Prefix.pch";
				GCC_PREPROCESSOR_DEFINITIONS = (
					"DEBUG=1",
					"$(inherited)",
				);
				INFOPLIST_FILE = "StaticlyTests/StaticlyTests-Info.plist";
				PRODUCT_NAME = "$(TARGET_NAME)";
				TEST_HOST = "$(BUNDLE_LOADER)";
				WRAPPER_EXTENSION = xctest;
			};
			name = Debug;
		};
		2FAC4E491875BA44008D46D4 /* Release */ = {
			isa = XCBuildConfiguration;
			buildSettings = {
				ARCHS = "$(ARCHS_STANDARD_INCLUDING_64_BIT)";
				BUNDLE_LOADER = "$(BUILT_PRODUCTS_DIR)/Staticly.app/Staticly";
				FRAMEWORK_SEARCH_PATHS = (
					"$(SDKROOT)/Developer/Library/Frameworks",
					"$(inherited)",
					"$(DEVELOPER_FRAMEWORKS_DIR)",
				);
				GCC_PRECOMPILE_PREFIX_HEADER = YES;
				GCC_PREFIX_HEADER = "Staticly/Staticly-Prefix.pch";
				INFOPLIST_FILE = "StaticlyTests/StaticlyTests-Info.plist";
				PRODUCT_NAME = "$(TARGET_NAME)";
				TEST_HOST = "$(BUNDLE_LOADER)";
				WRAPPER_EXTENSION = xctest;
			};
			name = Release;
		};
/* End XCBuildConfiguration section */

/* Begin XCConfigurationList section */
		2FAC4E011875BA44008D46D4 /* Build configuration list for PBXProject "Staticly" */ = {
			isa = XCConfigurationList;
			buildConfigurations = (
				2FAC4E421875BA44008D46D4 /* Debug */,
				2FAC4E431875BA44008D46D4 /* Release */,
			);
			defaultConfigurationIsVisible = 0;
			defaultConfigurationName = Release;
		};
		2FAC4E441875BA44008D46D4 /* Build configuration list for PBXNativeTarget "Staticly" */ = {
			isa = XCConfigurationList;
			buildConfigurations = (
				2FAC4E451875BA44008D46D4 /* Debug */,
				2FAC4E461875BA44008D46D4 /* Release */,
			);
			defaultConfigurationIsVisible = 0;
			defaultConfigurationName = Release;
		};
		2FAC4E471875BA44008D46D4 /* Build configuration list for PBXNativeTarget "StaticlyTests" */ = {
			isa = XCConfigurationList;
			buildConfigurations = (
				2FAC4E481875BA44008D46D4 /* Debug */,
				2FAC4E491875BA44008D46D4 /* Release */,
			);
			defaultConfigurationIsVisible = 0;
			defaultConfigurationName = Release;
		};
/* End XCConfigurationList section */

/* Begin XCVersionGroup section */
		2FAC4E231875BA44008D46D4 /* Staticly.xcdatamodeld */ = {
			isa = XCVersionGroup;
			children = (
				2FAC4E241875BA44008D46D4 /* Staticly.xcdatamodel */,
			);
			currentVersion = 2FAC4E241875BA44008D46D4 /* Staticly.xcdatamodel */;
			path = Staticly.xcdatamodeld;
			sourceTree = "<group>";
			versionGroupType = wrapper.xcdatamodel;
		};
/* End XCVersionGroup section */
	};
	rootObject = 2FAC4DFE1875BA44008D46D4 /* Project object */;
}
