// !$*UTF8*$!
{
	archiveVersion = 1;
	classes = {
	};
	objectVersion = 46;
	objects = {

/* Begin PBXBuildFile section */
		2F8D9B73183090C500C7951B /* SLUser.m in Sources */ = {isa = PBXBuildFile; fileRef = 2F8D9B72183090C500C7951B /* SLUser.m */; };
		2F8D9B7918309D3C00C7951B /* SLUserRepositoryBrowserViewController.m in Sources */ = {isa = PBXBuildFile; fileRef = 2F8D9B7818309D3C00C7951B /* SLUserRepositoryBrowserViewController.m */; };
		2F8D9B7C1830A18B00C7951B /* SLRepository.m in Sources */ = {isa = PBXBuildFile; fileRef = 2F8D9B7B1830A18B00C7951B /* SLRepository.m */; };
		2FADC21C1830546E000FC13E /* Foundation.framework in Frameworks */ = {isa = PBXBuildFile; fileRef = 2FADC21B1830546E000FC13E /* Foundation.framework */; };
		2FADC21E1830546E000FC13E /* CoreGraphics.framework in Frameworks */ = {isa = PBXBuildFile; fileRef = 2FADC21D1830546E000FC13E /* CoreGraphics.framework */; };
		2FADC2201830546E000FC13E /* UIKit.framework in Frameworks */ = {isa = PBXBuildFile; fileRef = 2FADC21F1830546E000FC13E /* UIKit.framework */; };
		2FADC2221830546E000FC13E /* CoreData.framework in Frameworks */ = {isa = PBXBuildFile; fileRef = 2FADC2211830546E000FC13E /* CoreData.framework */; };
		2FADC2281830546E000FC13E /* InfoPlist.strings in Resources */ = {isa = PBXBuildFile; fileRef = 2FADC2261830546E000FC13E /* InfoPlist.strings */; };
		2FADC22A1830546E000FC13E /* main.m in Sources */ = {isa = PBXBuildFile; fileRef = 2FADC2291830546E000FC13E /* main.m */; };
		2FADC22E1830546E000FC13E /* SLAppDelegate.m in Sources */ = {isa = PBXBuildFile; fileRef = 2FADC22D1830546E000FC13E /* SLAppDelegate.m */; };
		2FADC2311830546E000FC13E /* Main_iPhone.storyboard in Resources */ = {isa = PBXBuildFile; fileRef = 2FADC22F1830546E000FC13E /* Main_iPhone.storyboard */; };
		2FADC2341830546E000FC13E /* Main_iPad.storyboard in Resources */ = {isa = PBXBuildFile; fileRef = 2FADC2321830546E000FC13E /* Main_iPad.storyboard */; };
		2FADC2371830546E000FC13E /* Staticly.xcdatamodeld in Sources */ = {isa = PBXBuildFile; fileRef = 2FADC2351830546E000FC13E /* Staticly.xcdatamodeld */; };
		2FADC23F1830546E000FC13E /* Images.xcassets in Resources */ = {isa = PBXBuildFile; fileRef = 2FADC23E1830546E000FC13E /* Images.xcassets */; };
		2FADC2461830546E000FC13E /* XCTest.framework in Frameworks */ = {isa = PBXBuildFile; fileRef = 2FADC2451830546E000FC13E /* XCTest.framework */; };
		2FADC2471830546E000FC13E /* Foundation.framework in Frameworks */ = {isa = PBXBuildFile; fileRef = 2FADC21B1830546E000FC13E /* Foundation.framework */; };
		2FADC2481830546E000FC13E /* UIKit.framework in Frameworks */ = {isa = PBXBuildFile; fileRef = 2FADC21F1830546E000FC13E /* UIKit.framework */; };
		2FADC2491830546E000FC13E /* CoreData.framework in Frameworks */ = {isa = PBXBuildFile; fileRef = 2FADC2211830546E000FC13E /* CoreData.framework */; };
		2FADC2511830546E000FC13E /* InfoPlist.strings in Resources */ = {isa = PBXBuildFile; fileRef = 2FADC24F1830546E000FC13E /* InfoPlist.strings */; };
		2FADC2531830546E000FC13E /* StaticlyTests.m in Sources */ = {isa = PBXBuildFile; fileRef = 2FADC2521830546E000FC13E /* StaticlyTests.m */; };
		2FADC25D18308505000FC13E /* githubapi.plist in Resources */ = {isa = PBXBuildFile; fileRef = 2FADC25C18308505000FC13E /* githubapi.plist */; };
		2FADC263183085E3000FC13E /* SLGithubClient.m in Sources */ = {isa = PBXBuildFile; fileRef = 2FADC262183085E3000FC13E /* SLGithubClient.m */; };
		2FADC2661830869C000FC13E /* SLPostsViewController.m in Sources */ = {isa = PBXBuildFile; fileRef = 2FADC2651830869C000FC13E /* SLPostsViewController.m */; };
		2FADC269183086AA000FC13E /* SLGithubLoginViewController.m in Sources */ = {isa = PBXBuildFile; fileRef = 2FADC268183086AA000FC13E /* SLGithubLoginViewController.m */; };
		C2EA7A1474614AFC9D1C1FBC /* libPods.a in Frameworks */ = {isa = PBXBuildFile; fileRef = D964FEFA4E2A4573B24176EA /* libPods.a */; };
/* End PBXBuildFile section */

/* Begin PBXContainerItemProxy section */
		2FADC24A1830546E000FC13E /* PBXContainerItemProxy */ = {
			isa = PBXContainerItemProxy;
			containerPortal = 2FADC2101830546E000FC13E /* Project object */;
			proxyType = 1;
			remoteGlobalIDString = 2FADC2171830546E000FC13E;
			remoteInfo = Staticly;
		};
/* End PBXContainerItemProxy section */

/* Begin PBXFileReference section */
		2F8D9B71183090C500C7951B /* SLUser.h */ = {isa = PBXFileReference; fileEncoding = 4; lastKnownFileType = sourcecode.c.h; path = SLUser.h; sourceTree = "<group>"; };
		2F8D9B72183090C500C7951B /* SLUser.m */ = {isa = PBXFileReference; fileEncoding = 4; lastKnownFileType = sourcecode.c.objc; path = SLUser.m; sourceTree = "<group>"; };
		2F8D9B7718309D3C00C7951B /* SLUserRepositoryBrowserViewController.h */ = {isa = PBXFileReference; fileEncoding = 4; lastKnownFileType = sourcecode.c.h; path = SLUserRepositoryBrowserViewController.h; sourceTree = "<group>"; };
		2F8D9B7818309D3C00C7951B /* SLUserRepositoryBrowserViewController.m */ = {isa = PBXFileReference; fileEncoding = 4; lastKnownFileType = sourcecode.c.objc; path = SLUserRepositoryBrowserViewController.m; sourceTree = "<group>"; };
		2F8D9B7A1830A18B00C7951B /* SLRepository.h */ = {isa = PBXFileReference; fileEncoding = 4; lastKnownFileType = sourcecode.c.h; path = SLRepository.h; sourceTree = "<group>"; };
		2F8D9B7B1830A18B00C7951B /* SLRepository.m */ = {isa = PBXFileReference; fileEncoding = 4; lastKnownFileType = sourcecode.c.objc; path = SLRepository.m; sourceTree = "<group>"; };
		2FADC2181830546E000FC13E /* Staticly.app */ = {isa = PBXFileReference; explicitFileType = wrapper.application; includeInIndex = 0; path = Staticly.app; sourceTree = BUILT_PRODUCTS_DIR; };
		2FADC21B1830546E000FC13E /* Foundation.framework */ = {isa = PBXFileReference; lastKnownFileType = wrapper.framework; name = Foundation.framework; path = System/Library/Frameworks/Foundation.framework; sourceTree = SDKROOT; };
		2FADC21D1830546E000FC13E /* CoreGraphics.framework */ = {isa = PBXFileReference; lastKnownFileType = wrapper.framework; name = CoreGraphics.framework; path = System/Library/Frameworks/CoreGraphics.framework; sourceTree = SDKROOT; };
		2FADC21F1830546E000FC13E /* UIKit.framework */ = {isa = PBXFileReference; lastKnownFileType = wrapper.framework; name = UIKit.framework; path = System/Library/Frameworks/UIKit.framework; sourceTree = SDKROOT; };
		2FADC2211830546E000FC13E /* CoreData.framework */ = {isa = PBXFileReference; lastKnownFileType = wrapper.framework; name = CoreData.framework; path = System/Library/Frameworks/CoreData.framework; sourceTree = SDKROOT; };
		2FADC2251830546E000FC13E /* Staticly-Info.plist */ = {isa = PBXFileReference; lastKnownFileType = text.plist.xml; path = "Staticly-Info.plist"; sourceTree = "<group>"; };
		2FADC2271830546E000FC13E /* en */ = {isa = PBXFileReference; lastKnownFileType = text.plist.strings; name = en; path = en.lproj/InfoPlist.strings; sourceTree = "<group>"; };
		2FADC2291830546E000FC13E /* main.m */ = {isa = PBXFileReference; lastKnownFileType = sourcecode.c.objc; path = main.m; sourceTree = "<group>"; };
		2FADC22B1830546E000FC13E /* Staticly-Prefix.pch */ = {isa = PBXFileReference; lastKnownFileType = sourcecode.c.h; path = "Staticly-Prefix.pch"; sourceTree = "<group>"; };
		2FADC22C1830546E000FC13E /* SLAppDelegate.h */ = {isa = PBXFileReference; lastKnownFileType = sourcecode.c.h; path = SLAppDelegate.h; sourceTree = "<group>"; };
		2FADC22D1830546E000FC13E /* SLAppDelegate.m */ = {isa = PBXFileReference; lastKnownFileType = sourcecode.c.objc; path = SLAppDelegate.m; sourceTree = "<group>"; };
		2FADC2301830546E000FC13E /* Base */ = {isa = PBXFileReference; lastKnownFileType = file.storyboard; name = Base; path = Base.lproj/Main_iPhone.storyboard; sourceTree = "<group>"; };
		2FADC2331830546E000FC13E /* Base */ = {isa = PBXFileReference; lastKnownFileType = file.storyboard; name = Base; path = Base.lproj/Main_iPad.storyboard; sourceTree = "<group>"; };
		2FADC2361830546E000FC13E /* Staticly.xcdatamodel */ = {isa = PBXFileReference; lastKnownFileType = wrapper.xcdatamodel; path = Staticly.xcdatamodel; sourceTree = "<group>"; };
		2FADC23E1830546E000FC13E /* Images.xcassets */ = {isa = PBXFileReference; lastKnownFileType = folder.assetcatalog; path = Images.xcassets; sourceTree = "<group>"; };
		2FADC2441830546E000FC13E /* StaticlyTests.xctest */ = {isa = PBXFileReference; explicitFileType = wrapper.cfbundle; includeInIndex = 0; path = StaticlyTests.xctest; sourceTree = BUILT_PRODUCTS_DIR; };
		2FADC2451830546E000FC13E /* XCTest.framework */ = {isa = PBXFileReference; lastKnownFileType = wrapper.framework; name = XCTest.framework; path = Library/Frameworks/XCTest.framework; sourceTree = DEVELOPER_DIR; };
		2FADC24E1830546E000FC13E /* StaticlyTests-Info.plist */ = {isa = PBXFileReference; lastKnownFileType = text.plist.xml; path = "StaticlyTests-Info.plist"; sourceTree = "<group>"; };
		2FADC2501830546E000FC13E /* en */ = {isa = PBXFileReference; lastKnownFileType = text.plist.strings; name = en; path = en.lproj/InfoPlist.strings; sourceTree = "<group>"; };
		2FADC2521830546E000FC13E /* StaticlyTests.m */ = {isa = PBXFileReference; lastKnownFileType = sourcecode.c.objc; path = StaticlyTests.m; sourceTree = "<group>"; };
		2FADC25C18308505000FC13E /* githubapi.plist */ = {isa = PBXFileReference; fileEncoding = 4; lastKnownFileType = text.plist.xml; path = githubapi.plist; sourceTree = "<group>"; };
		2FADC261183085E3000FC13E /* SLGithubClient.h */ = {isa = PBXFileReference; fileEncoding = 4; lastKnownFileType = sourcecode.c.h; path = SLGithubClient.h; sourceTree = "<group>"; };
		2FADC262183085E3000FC13E /* SLGithubClient.m */ = {isa = PBXFileReference; fileEncoding = 4; lastKnownFileType = sourcecode.c.objc; path = SLGithubClient.m; sourceTree = "<group>"; };
		2FADC2641830869C000FC13E /* SLPostsViewController.h */ = {isa = PBXFileReference; fileEncoding = 4; lastKnownFileType = sourcecode.c.h; path = SLPostsViewController.h; sourceTree = "<group>"; };
		2FADC2651830869C000FC13E /* SLPostsViewController.m */ = {isa = PBXFileReference; fileEncoding = 4; lastKnownFileType = sourcecode.c.objc; path = SLPostsViewController.m; sourceTree = "<group>"; };
		2FADC267183086AA000FC13E /* SLGithubLoginViewController.h */ = {isa = PBXFileReference; fileEncoding = 4; lastKnownFileType = sourcecode.c.h; path = SLGithubLoginViewController.h; sourceTree = "<group>"; };
		2FADC268183086AA000FC13E /* SLGithubLoginViewController.m */ = {isa = PBXFileReference; fileEncoding = 4; lastKnownFileType = sourcecode.c.objc; path = SLGithubLoginViewController.m; sourceTree = "<group>"; };
		7457BC32F7CA440697774291 /* Pods.xcconfig */ = {isa = PBXFileReference; includeInIndex = 1; lastKnownFileType = text.xcconfig; name = Pods.xcconfig; path = Pods/Pods.xcconfig; sourceTree = "<group>"; };
		D964FEFA4E2A4573B24176EA /* libPods.a */ = {isa = PBXFileReference; explicitFileType = archive.ar; includeInIndex = 0; path = libPods.a; sourceTree = BUILT_PRODUCTS_DIR; };
/* End PBXFileReference section */

/* Begin PBXFrameworksBuildPhase section */
		2FADC2151830546E000FC13E /* Frameworks */ = {
			isa = PBXFrameworksBuildPhase;
			buildActionMask = 2147483647;
			files = (
				2FADC21E1830546E000FC13E /* CoreGraphics.framework in Frameworks */,
				2FADC2221830546E000FC13E /* CoreData.framework in Frameworks */,
				2FADC2201830546E000FC13E /* UIKit.framework in Frameworks */,
				2FADC21C1830546E000FC13E /* Foundation.framework in Frameworks */,
				C2EA7A1474614AFC9D1C1FBC /* libPods.a in Frameworks */,
			);
			runOnlyForDeploymentPostprocessing = 0;
		};
		2FADC2411830546E000FC13E /* Frameworks */ = {
			isa = PBXFrameworksBuildPhase;
			buildActionMask = 2147483647;
			files = (
				2FADC2461830546E000FC13E /* XCTest.framework in Frameworks */,
				2FADC2491830546E000FC13E /* CoreData.framework in Frameworks */,
				2FADC2481830546E000FC13E /* UIKit.framework in Frameworks */,
				2FADC2471830546E000FC13E /* Foundation.framework in Frameworks */,
			);
			runOnlyForDeploymentPostprocessing = 0;
		};
/* End PBXFrameworksBuildPhase section */

/* Begin PBXGroup section */
		2FADC20F1830546E000FC13E = {
			isa = PBXGroup;
			children = (
				2FADC2231830546E000FC13E /* Staticly */,
				2FADC24C1830546E000FC13E /* StaticlyTests */,
				2FADC21A1830546E000FC13E /* Frameworks */,
				2FADC2191830546E000FC13E /* Products */,
				7457BC32F7CA440697774291 /* Pods.xcconfig */,
			);
			sourceTree = "<group>";
		};
		2FADC2191830546E000FC13E /* Products */ = {
			isa = PBXGroup;
			children = (
				2FADC2181830546E000FC13E /* Staticly.app */,
				2FADC2441830546E000FC13E /* StaticlyTests.xctest */,
			);
			name = Products;
			sourceTree = "<group>";
		};
		2FADC21A1830546E000FC13E /* Frameworks */ = {
			isa = PBXGroup;
			children = (
				2FADC21B1830546E000FC13E /* Foundation.framework */,
				2FADC21D1830546E000FC13E /* CoreGraphics.framework */,
				2FADC21F1830546E000FC13E /* UIKit.framework */,
				2FADC2211830546E000FC13E /* CoreData.framework */,
				2FADC2451830546E000FC13E /* XCTest.framework */,
				D964FEFA4E2A4573B24176EA /* libPods.a */,
			);
			name = Frameworks;
			sourceTree = "<group>";
		};
		2FADC2231830546E000FC13E /* Staticly */ = {
			isa = PBXGroup;
			children = (
				2FADC260183085C4000FC13E /* View Controllers */,
				2FADC25F183085BE000FC13E /* Views */,
				2FADC25E183085B9000FC13E /* Models */,
				2FADC22C1830546E000FC13E /* SLAppDelegate.h */,
				2FADC22D1830546E000FC13E /* SLAppDelegate.m */,
				2FADC22F1830546E000FC13E /* Main_iPhone.storyboard */,
				2FADC2321830546E000FC13E /* Main_iPad.storyboard */,
				2FADC23E1830546E000FC13E /* Images.xcassets */,
				2FADC2351830546E000FC13E /* Staticly.xcdatamodeld */,
				2FADC2241830546E000FC13E /* Supporting Files */,
			);
			path = Staticly;
			sourceTree = "<group>";
		};
		2FADC2241830546E000FC13E /* Supporting Files */ = {
			isa = PBXGroup;
			children = (
				2FADC2251830546E000FC13E /* Staticly-Info.plist */,
				2FADC2261830546E000FC13E /* InfoPlist.strings */,
				2FADC2291830546E000FC13E /* main.m */,
				2FADC22B1830546E000FC13E /* Staticly-Prefix.pch */,
				2FADC25C18308505000FC13E /* githubapi.plist */,
			);
			name = "Supporting Files";
			sourceTree = "<group>";
		};
		2FADC24C1830546E000FC13E /* StaticlyTests */ = {
			isa = PBXGroup;
			children = (
				2FADC2521830546E000FC13E /* StaticlyTests.m */,
				2FADC24D1830546E000FC13E /* Supporting Files */,
			);
			path = StaticlyTests;
			sourceTree = "<group>";
		};
		2FADC24D1830546E000FC13E /* Supporting Files */ = {
			isa = PBXGroup;
			children = (
				2FADC24E1830546E000FC13E /* StaticlyTests-Info.plist */,
				2FADC24F1830546E000FC13E /* InfoPlist.strings */,
			);
			name = "Supporting Files";
			sourceTree = "<group>";
		};
		2FADC25E183085B9000FC13E /* Models */ = {
			isa = PBXGroup;
			children = (
				2F8D9B71183090C500C7951B /* SLUser.h */,
				2F8D9B72183090C500C7951B /* SLUser.m */,
				2FADC261183085E3000FC13E /* SLGithubClient.h */,
				2FADC262183085E3000FC13E /* SLGithubClient.m */,
				2F8D9B7A1830A18B00C7951B /* SLRepository.h */,
				2F8D9B7B1830A18B00C7951B /* SLRepository.m */,
			);
			name = Models;
			sourceTree = "<group>";
		};
		2FADC25F183085BE000FC13E /* Views */ = {
			isa = PBXGroup;
			children = (
			);
			name = Views;
			sourceTree = "<group>";
		};
		2FADC260183085C4000FC13E /* View Controllers */ = {
			isa = PBXGroup;
			children = (
				2FADC2641830869C000FC13E /* SLPostsViewController.h */,
				2FADC2651830869C000FC13E /* SLPostsViewController.m */,
				2FADC267183086AA000FC13E /* SLGithubLoginViewController.h */,
				2FADC268183086AA000FC13E /* SLGithubLoginViewController.m */,
				2F8D9B7718309D3C00C7951B /* SLUserRepositoryBrowserViewController.h */,
				2F8D9B7818309D3C00C7951B /* SLUserRepositoryBrowserViewController.m */,
			);
			name = "View Controllers";
			sourceTree = "<group>";
		};
/* End PBXGroup section */

/* Begin PBXNativeTarget section */
		2FADC2171830546E000FC13E /* Staticly */ = {
			isa = PBXNativeTarget;
			buildConfigurationList = 2FADC2561830546E000FC13E /* Build configuration list for PBXNativeTarget "Staticly" */;
			buildPhases = (
				5558D0A2046F402C92AC822B /* Check Pods Manifest.lock */,
				2FADC2141830546E000FC13E /* Sources */,
				2FADC2151830546E000FC13E /* Frameworks */,
				2FADC2161830546E000FC13E /* Resources */,
				821F15DD1CD24F5A9B1859B1 /* Copy Pods Resources */,
			);
			buildRules = (
			);
			dependencies = (
			);
			name = Staticly;
			productName = Staticly;
			productReference = 2FADC2181830546E000FC13E /* Staticly.app */;
			productType = "com.apple.product-type.application";
		};
		2FADC2431830546E000FC13E /* StaticlyTests */ = {
			isa = PBXNativeTarget;
			buildConfigurationList = 2FADC2591830546E000FC13E /* Build configuration list for PBXNativeTarget "StaticlyTests" */;
			buildPhases = (
				2FADC2401830546E000FC13E /* Sources */,
				2FADC2411830546E000FC13E /* Frameworks */,
				2FADC2421830546E000FC13E /* Resources */,
			);
			buildRules = (
			);
			dependencies = (
				2FADC24B1830546E000FC13E /* PBXTargetDependency */,
			);
			name = StaticlyTests;
			productName = StaticlyTests;
			productReference = 2FADC2441830546E000FC13E /* StaticlyTests.xctest */;
			productType = "com.apple.product-type.bundle.unit-test";
		};
/* End PBXNativeTarget section */

/* Begin PBXProject section */
		2FADC2101830546E000FC13E /* Project object */ = {
			isa = PBXProject;
			attributes = {
				CLASSPREFIX = SL;
				LastUpgradeCheck = 0500;
				ORGANIZATIONNAME = "Bradley Ringel";
				TargetAttributes = {
					2FADC2431830546E000FC13E = {
						TestTargetID = 2FADC2171830546E000FC13E;
					};
				};
			};
			buildConfigurationList = 2FADC2131830546E000FC13E /* Build configuration list for PBXProject "Staticly" */;
			compatibilityVersion = "Xcode 3.2";
			developmentRegion = English;
			hasScannedForEncodings = 0;
			knownRegions = (
				en,
				Base,
			);
			mainGroup = 2FADC20F1830546E000FC13E;
			productRefGroup = 2FADC2191830546E000FC13E /* Products */;
			projectDirPath = "";
			projectRoot = "";
			targets = (
				2FADC2171830546E000FC13E /* Staticly */,
				2FADC2431830546E000FC13E /* StaticlyTests */,
			);
		};
/* End PBXProject section */

/* Begin PBXResourcesBuildPhase section */
		2FADC2161830546E000FC13E /* Resources */ = {
			isa = PBXResourcesBuildPhase;
			buildActionMask = 2147483647;
			files = (
				2FADC25D18308505000FC13E /* githubapi.plist in Resources */,
				2FADC2341830546E000FC13E /* Main_iPad.storyboard in Resources */,
				2FADC23F1830546E000FC13E /* Images.xcassets in Resources */,
				2FADC2311830546E000FC13E /* Main_iPhone.storyboard in Resources */,
				2FADC2281830546E000FC13E /* InfoPlist.strings in Resources */,
			);
			runOnlyForDeploymentPostprocessing = 0;
		};
		2FADC2421830546E000FC13E /* Resources */ = {
			isa = PBXResourcesBuildPhase;
			buildActionMask = 2147483647;
			files = (
				2FADC2511830546E000FC13E /* InfoPlist.strings in Resources */,
			);
			runOnlyForDeploymentPostprocessing = 0;
		};
/* End PBXResourcesBuildPhase section */

/* Begin PBXShellScriptBuildPhase section */
		5558D0A2046F402C92AC822B /* Check Pods Manifest.lock */ = {
			isa = PBXShellScriptBuildPhase;
			buildActionMask = 2147483647;
			files = (
			);
			inputPaths = (
			);
			name = "Check Pods Manifest.lock";
			outputPaths = (
			);
			runOnlyForDeploymentPostprocessing = 0;
			shellPath = /bin/sh;
			shellScript = "diff \"${PODS_ROOT}/../Podfile.lock\" \"${PODS_ROOT}/Manifest.lock\" > /dev/null\nif [[ $? != 0 ]] ; then\n    cat << EOM\nerror: The sandbox is not in sync with the Podfile.lock. Run 'pod install' or update your CocoaPods installation.\nEOM\n    exit 1\nfi\n";
			showEnvVarsInLog = 0;
		};
		821F15DD1CD24F5A9B1859B1 /* Copy Pods Resources */ = {
			isa = PBXShellScriptBuildPhase;
			buildActionMask = 2147483647;
			files = (
			);
			inputPaths = (
			);
			name = "Copy Pods Resources";
			outputPaths = (
			);
			runOnlyForDeploymentPostprocessing = 0;
			shellPath = /bin/sh;
			shellScript = "\"${SRCROOT}/Pods/Pods-resources.sh\"\n";
			showEnvVarsInLog = 0;
		};
/* End PBXShellScriptBuildPhase section */

/* Begin PBXSourcesBuildPhase section */
		2FADC2141830546E000FC13E /* Sources */ = {
			isa = PBXSourcesBuildPhase;
			buildActionMask = 2147483647;
			files = (
				2FADC263183085E3000FC13E /* SLGithubClient.m in Sources */,
				2F8D9B7918309D3C00C7951B /* SLUserRepositoryBrowserViewController.m in Sources */,
				2F8D9B73183090C500C7951B /* SLUser.m in Sources */,
				2F8D9B7C1830A18B00C7951B /* SLRepository.m in Sources */,
				2FADC22A1830546E000FC13E /* main.m in Sources */,
				2FADC2661830869C000FC13E /* SLPostsViewController.m in Sources */,
				2FADC2371830546E000FC13E /* Staticly.xcdatamodeld in Sources */,
				2FADC269183086AA000FC13E /* SLGithubLoginViewController.m in Sources */,
				2FADC22E1830546E000FC13E /* SLAppDelegate.m in Sources */,
			);
			runOnlyForDeploymentPostprocessing = 0;
		};
		2FADC2401830546E000FC13E /* Sources */ = {
			isa = PBXSourcesBuildPhase;
			buildActionMask = 2147483647;
			files = (
				2FADC2531830546E000FC13E /* StaticlyTests.m in Sources */,
			);
			runOnlyForDeploymentPostprocessing = 0;
		};
/* End PBXSourcesBuildPhase section */

/* Begin PBXTargetDependency section */
		2FADC24B1830546E000FC13E /* PBXTargetDependency */ = {
			isa = PBXTargetDependency;
			target = 2FADC2171830546E000FC13E /* Staticly */;
			targetProxy = 2FADC24A1830546E000FC13E /* PBXContainerItemProxy */;
		};
/* End PBXTargetDependency section */

/* Begin PBXVariantGroup section */
		2FADC2261830546E000FC13E /* InfoPlist.strings */ = {
			isa = PBXVariantGroup;
			children = (
				2FADC2271830546E000FC13E /* en */,
			);
			name = InfoPlist.strings;
			sourceTree = "<group>";
		};
		2FADC22F1830546E000FC13E /* Main_iPhone.storyboard */ = {
			isa = PBXVariantGroup;
			children = (
				2FADC2301830546E000FC13E /* Base */,
			);
			name = Main_iPhone.storyboard;
			sourceTree = "<group>";
		};
		2FADC2321830546E000FC13E /* Main_iPad.storyboard */ = {
			isa = PBXVariantGroup;
			children = (
				2FADC2331830546E000FC13E /* Base */,
			);
			name = Main_iPad.storyboard;
			sourceTree = "<group>";
		};
		2FADC24F1830546E000FC13E /* InfoPlist.strings */ = {
			isa = PBXVariantGroup;
			children = (
				2FADC2501830546E000FC13E /* en */,
			);
			name = InfoPlist.strings;
			sourceTree = "<group>";
		};
/* End PBXVariantGroup section */

/* Begin XCBuildConfiguration section */
		2FADC2541830546E000FC13E /* Debug */ = {
			isa = XCBuildConfiguration;
			buildSettings = {
				ALWAYS_SEARCH_USER_PATHS = NO;
				ARCHS = "$(ARCHS_STANDARD_INCLUDING_64_BIT)";
				CLANG_CXX_LANGUAGE_STANDARD = "gnu++0x";
				CLANG_CXX_LIBRARY = "libc++";
				CLANG_ENABLE_MODULES = YES;
				CLANG_ENABLE_OBJC_ARC = YES;
				CLANG_WARN_BOOL_CONVERSION = YES;
				CLANG_WARN_CONSTANT_CONVERSION = YES;
				CLANG_WARN_DIRECT_OBJC_ISA_USAGE = YES_ERROR;
				CLANG_WARN_EMPTY_BODY = YES;
				CLANG_WARN_ENUM_CONVERSION = YES;
				CLANG_WARN_INT_CONVERSION = YES;
				CLANG_WARN_OBJC_ROOT_CLASS = YES_ERROR;
				CLANG_WARN__DUPLICATE_METHOD_MATCH = YES;
				"CODE_SIGN_IDENTITY[sdk=iphoneos*]" = "iPhone Developer";
				COPY_PHASE_STRIP = NO;
				GCC_C_LANGUAGE_STANDARD = gnu99;
				GCC_DYNAMIC_NO_PIC = NO;
				GCC_OPTIMIZATION_LEVEL = 0;
				GCC_PREPROCESSOR_DEFINITIONS = (
					"DEBUG=1",
					"$(inherited)",
				);
				GCC_SYMBOLS_PRIVATE_EXTERN = NO;
				GCC_WARN_64_TO_32_BIT_CONVERSION = YES;
				GCC_WARN_ABOUT_RETURN_TYPE = YES_ERROR;
				GCC_WARN_UNDECLARED_SELECTOR = YES;
				GCC_WARN_UNINITIALIZED_AUTOS = YES;
				GCC_WARN_UNUSED_FUNCTION = YES;
				GCC_WARN_UNUSED_VARIABLE = YES;
				IPHONEOS_DEPLOYMENT_TARGET = 7.0;
				ONLY_ACTIVE_ARCH = YES;
				SDKROOT = iphoneos;
				TARGETED_DEVICE_FAMILY = "1,2";
			};
			name = Debug;
		};
		2FADC2551830546E000FC13E /* Release */ = {
			isa = XCBuildConfiguration;
			buildSettings = {
				ALWAYS_SEARCH_USER_PATHS = NO;
				ARCHS = "$(ARCHS_STANDARD_INCLUDING_64_BIT)";
				CLANG_CXX_LANGUAGE_STANDARD = "gnu++0x";
				CLANG_CXX_LIBRARY = "libc++";
				CLANG_ENABLE_MODULES = YES;
				CLANG_ENABLE_OBJC_ARC = YES;
				CLANG_WARN_BOOL_CONVERSION = YES;
				CLANG_WARN_CONSTANT_CONVERSION = YES;
				CLANG_WARN_DIRECT_OBJC_ISA_USAGE = YES_ERROR;
				CLANG_WARN_EMPTY_BODY = YES;
				CLANG_WARN_ENUM_CONVERSION = YES;
				CLANG_WARN_INT_CONVERSION = YES;
				CLANG_WARN_OBJC_ROOT_CLASS = YES_ERROR;
				CLANG_WARN__DUPLICATE_METHOD_MATCH = YES;
				"CODE_SIGN_IDENTITY[sdk=iphoneos*]" = "iPhone Developer";
				COPY_PHASE_STRIP = YES;
				ENABLE_NS_ASSERTIONS = NO;
				GCC_C_LANGUAGE_STANDARD = gnu99;
				GCC_WARN_64_TO_32_BIT_CONVERSION = YES;
				GCC_WARN_ABOUT_RETURN_TYPE = YES_ERROR;
				GCC_WARN_UNDECLARED_SELECTOR = YES;
				GCC_WARN_UNINITIALIZED_AUTOS = YES;
				GCC_WARN_UNUSED_FUNCTION = YES;
				GCC_WARN_UNUSED_VARIABLE = YES;
				IPHONEOS_DEPLOYMENT_TARGET = 7.0;
				SDKROOT = iphoneos;
				TARGETED_DEVICE_FAMILY = "1,2";
				VALIDATE_PRODUCT = YES;
			};
			name = Release;
		};
		2FADC2571830546E000FC13E /* Debug */ = {
			isa = XCBuildConfiguration;
			baseConfigurationReference = 7457BC32F7CA440697774291 /* Pods.xcconfig */;
			buildSettings = {
				ASSETCATALOG_COMPILER_APPICON_NAME = AppIcon;
				ASSETCATALOG_COMPILER_LAUNCHIMAGE_NAME = LaunchImage;
				GCC_PRECOMPILE_PREFIX_HEADER = YES;
				GCC_PREFIX_HEADER = "Staticly/Staticly-Prefix.pch";
				INFOPLIST_FILE = "Staticly/Staticly-Info.plist";
				PRODUCT_NAME = "$(TARGET_NAME)";
				WRAPPER_EXTENSION = app;
			};
			name = Debug;
		};
		2FADC2581830546E000FC13E /* Release */ = {
			isa = XCBuildConfiguration;
			baseConfigurationReference = 7457BC32F7CA440697774291 /* Pods.xcconfig */;
			buildSettings = {
				ASSETCATALOG_COMPILER_APPICON_NAME = AppIcon;
				ASSETCATALOG_COMPILER_LAUNCHIMAGE_NAME = LaunchImage;
				GCC_PRECOMPILE_PREFIX_HEADER = YES;
				GCC_PREFIX_HEADER = "Staticly/Staticly-Prefix.pch";
				INFOPLIST_FILE = "Staticly/Staticly-Info.plist";
				PRODUCT_NAME = "$(TARGET_NAME)";
				WRAPPER_EXTENSION = app;
			};
			name = Release;
		};
		2FADC25A1830546E000FC13E /* Debug */ = {
			isa = XCBuildConfiguration;
			buildSettings = {
				ARCHS = "$(ARCHS_STANDARD_INCLUDING_64_BIT)";
				BUNDLE_LOADER = "$(BUILT_PRODUCTS_DIR)/Staticly.app/Staticly";
				FRAMEWORK_SEARCH_PATHS = (
					"$(SDKROOT)/Developer/Library/Frameworks",
					"$(inherited)",
					"$(DEVELOPER_FRAMEWORKS_DIR)",
				);
				GCC_PRECOMPILE_PREFIX_HEADER = YES;
				GCC_PREFIX_HEADER = "Staticly/Staticly-Prefix.pch";
				GCC_PREPROCESSOR_DEFINITIONS = (
					"DEBUG=1",
					"$(inherited)",
				);
				INFOPLIST_FILE = "StaticlyTests/StaticlyTests-Info.plist";
				PRODUCT_NAME = "$(TARGET_NAME)";
				TEST_HOST = "$(BUNDLE_LOADER)";
				WRAPPER_EXTENSION = xctest;
			};
			name = Debug;
		};
		2FADC25B1830546E000FC13E /* Release */ = {
			isa = XCBuildConfiguration;
			buildSettings = {
				ARCHS = "$(ARCHS_STANDARD_INCLUDING_64_BIT)";
				BUNDLE_LOADER = "$(BUILT_PRODUCTS_DIR)/Staticly.app/Staticly";
				FRAMEWORK_SEARCH_PATHS = (
					"$(SDKROOT)/Developer/Library/Frameworks",
					"$(inherited)",
					"$(DEVELOPER_FRAMEWORKS_DIR)",
				);
				GCC_PRECOMPILE_PREFIX_HEADER = YES;
				GCC_PREFIX_HEADER = "Staticly/Staticly-Prefix.pch";
				INFOPLIST_FILE = "StaticlyTests/StaticlyTests-Info.plist";
				PRODUCT_NAME = "$(TARGET_NAME)";
				TEST_HOST = "$(BUNDLE_LOADER)";
				WRAPPER_EXTENSION = xctest;
			};
			name = Release;
		};
/* End XCBuildConfiguration section */

/* Begin XCConfigurationList section */
		2FADC2131830546E000FC13E /* Build configuration list for PBXProject "Staticly" */ = {
			isa = XCConfigurationList;
			buildConfigurations = (
				2FADC2541830546E000FC13E /* Debug */,
				2FADC2551830546E000FC13E /* Release */,
			);
			defaultConfigurationIsVisible = 0;
			defaultConfigurationName = Release;
		};
		2FADC2561830546E000FC13E /* Build configuration list for PBXNativeTarget "Staticly" */ = {
			isa = XCConfigurationList;
			buildConfigurations = (
				2FADC2571830546E000FC13E /* Debug */,
				2FADC2581830546E000FC13E /* Release */,
			);
			defaultConfigurationIsVisible = 0;
			defaultConfigurationName = Release;
		};
		2FADC2591830546E000FC13E /* Build configuration list for PBXNativeTarget "StaticlyTests" */ = {
			isa = XCConfigurationList;
			buildConfigurations = (
				2FADC25A1830546E000FC13E /* Debug */,
				2FADC25B1830546E000FC13E /* Release */,
			);
			defaultConfigurationIsVisible = 0;
			defaultConfigurationName = Release;
		};
/* End XCConfigurationList section */

/* Begin XCVersionGroup section */
		2FADC2351830546E000FC13E /* Staticly.xcdatamodeld */ = {
			isa = XCVersionGroup;
			children = (
				2FADC2361830546E000FC13E /* Staticly.xcdatamodel */,
			);
			currentVersion = 2FADC2361830546E000FC13E /* Staticly.xcdatamodel */;
			path = Staticly.xcdatamodeld;
			sourceTree = "<group>";
			versionGroupType = wrapper.xcdatamodel;
		};
/* End XCVersionGroup section */
	};
	rootObject = 2FADC2101830546E000FC13E /* Project object */;
}
