// !$*UTF8*$!
{
	archiveVersion = 1;
	classes = {
	};
	objectVersion = 46;
	objects = {

/* Begin PBXBuildFile section */
		2F9090E718760780000D8D81 /* SLLoginViewController.m in Sources */ = {isa = PBXBuildFile; fileRef = 2F9090E618760780000D8D81 /* SLLoginViewController.m */; };
		2F9090EA18772EB8000D8D81 /* SLEntryCell.m in Sources */ = {isa = PBXBuildFile; fileRef = 2F9090E918772EB8000D8D81 /* SLEntryCell.m */; };
		2F9090ED18777700000D8D81 /* githublogo.png in Resources */ = {isa = PBXBuildFile; fileRef = 2F9090EB18777700000D8D81 /* githublogo.png */; };
		2F9090EE18777700000D8D81 /* githublogo@2x.png in Resources */ = {isa = PBXBuildFile; fileRef = 2F9090EC18777700000D8D81 /* githublogo@2x.png */; };
		2F9090F1187789BB000D8D81 /* SLGithubSessionManager.m in Sources */ = {isa = PBXBuildFile; fileRef = 2F9090F0187789BB000D8D81 /* SLGithubSessionManager.m */; };
		2F9090F3187792BE000D8D81 /* githubapi.plist in Resources */ = {isa = PBXBuildFile; fileRef = 2F9090F2187792BE000D8D81 /* githubapi.plist */; };
		2F9090FD1877C729000D8D81 /* SLSitesViewController.m in Sources */ = {isa = PBXBuildFile; fileRef = 2F9090FC1877C729000D8D81 /* SLSitesViewController.m */; };
		2F97441F187B14D8000FE5F2 /* SLBranchesViewController.m in Sources */ = {isa = PBXBuildFile; fileRef = 2F97441E187B14D8000FE5F2 /* SLBranchesViewController.m */; };
		2F974429187B370F000FE5F2 /* libPods-Staticly.a in Frameworks */ = {isa = PBXBuildFile; fileRef = 803A3C67DC77411E903E35D0 /* libPods-Staticly.a */; };
		2F97442C187B3A7C000FE5F2 /* SLMenuViewController.m in Sources */ = {isa = PBXBuildFile; fileRef = 2F97442B187B3A7C000FE5F2 /* SLMenuViewController.m */; };
		2FAC4E0A1875BA44008D46D4 /* Foundation.framework in Frameworks */ = {isa = PBXBuildFile; fileRef = 2FAC4E091875BA44008D46D4 /* Foundation.framework */; };
		2FAC4E0C1875BA44008D46D4 /* CoreGraphics.framework in Frameworks */ = {isa = PBXBuildFile; fileRef = 2FAC4E0B1875BA44008D46D4 /* CoreGraphics.framework */; };
		2FAC4E0E1875BA44008D46D4 /* UIKit.framework in Frameworks */ = {isa = PBXBuildFile; fileRef = 2FAC4E0D1875BA44008D46D4 /* UIKit.framework */; };
		2FAC4E101875BA44008D46D4 /* CoreData.framework in Frameworks */ = {isa = PBXBuildFile; fileRef = 2FAC4E0F1875BA44008D46D4 /* CoreData.framework */; };
		2FAC4E161875BA44008D46D4 /* InfoPlist.strings in Resources */ = {isa = PBXBuildFile; fileRef = 2FAC4E141875BA44008D46D4 /* InfoPlist.strings */; };
		2FAC4E181875BA44008D46D4 /* main.m in Sources */ = {isa = PBXBuildFile; fileRef = 2FAC4E171875BA44008D46D4 /* main.m */; };
		2FAC4E1C1875BA44008D46D4 /* SLAppDelegate.m in Sources */ = {isa = PBXBuildFile; fileRef = 2FAC4E1B1875BA44008D46D4 /* SLAppDelegate.m */; };
		2FAC4E1F1875BA44008D46D4 /* Main_iPhone.storyboard in Resources */ = {isa = PBXBuildFile; fileRef = 2FAC4E1D1875BA44008D46D4 /* Main_iPhone.storyboard */; };
		2FAC4E221875BA44008D46D4 /* Main_iPad.storyboard in Resources */ = {isa = PBXBuildFile; fileRef = 2FAC4E201875BA44008D46D4 /* Main_iPad.storyboard */; };
		2FAC4E251875BA44008D46D4 /* Staticly.xcdatamodeld in Sources */ = {isa = PBXBuildFile; fileRef = 2FAC4E231875BA44008D46D4 /* Staticly.xcdatamodeld */; };
		2FAC4E2D1875BA44008D46D4 /* Images.xcassets in Resources */ = {isa = PBXBuildFile; fileRef = 2FAC4E2C1875BA44008D46D4 /* Images.xcassets */; };
		2FAC4E341875BA44008D46D4 /* XCTest.framework in Frameworks */ = {isa = PBXBuildFile; fileRef = 2FAC4E331875BA44008D46D4 /* XCTest.framework */; };
		2FAC4E351875BA44008D46D4 /* Foundation.framework in Frameworks */ = {isa = PBXBuildFile; fileRef = 2FAC4E091875BA44008D46D4 /* Foundation.framework */; };
		2FAC4E361875BA44008D46D4 /* UIKit.framework in Frameworks */ = {isa = PBXBuildFile; fileRef = 2FAC4E0D1875BA44008D46D4 /* UIKit.framework */; };
		2FAC4E371875BA44008D46D4 /* CoreData.framework in Frameworks */ = {isa = PBXBuildFile; fileRef = 2FAC4E0F1875BA44008D46D4 /* CoreData.framework */; };
		2FAC4E3F1875BA44008D46D4 /* InfoPlist.strings in Resources */ = {isa = PBXBuildFile; fileRef = 2FAC4E3D1875BA44008D46D4 /* InfoPlist.strings */; };
		2FAC4E411875BA44008D46D4 /* StaticlyTests.m in Sources */ = {isa = PBXBuildFile; fileRef = 2FAC4E401875BA44008D46D4 /* StaticlyTests.m */; };
		2FBCDCB3187DFA9700ADC1DD /* SLBlob.m in Sources */ = {isa = PBXBuildFile; fileRef = 2FBCDCB2187DFA9700ADC1DD /* SLBlob.m */; };
		2FBCDCB6187DFA9800ADC1DD /* SLSite.m in Sources */ = {isa = PBXBuildFile; fileRef = 2FBCDCB5187DFA9800ADC1DD /* SLSite.m */; };
		2FBCDCB9187DFA9800ADC1DD /* SLBranch.m in Sources */ = {isa = PBXBuildFile; fileRef = 2FBCDCB8187DFA9800ADC1DD /* SLBranch.m */; };
		2FBCDCBC187DFA9800ADC1DD /* SLCommit.m in Sources */ = {isa = PBXBuildFile; fileRef = 2FBCDCBB187DFA9800ADC1DD /* SLCommit.m */; };
		2FBCDCBF187DFA9800ADC1DD /* SLTree.m in Sources */ = {isa = PBXBuildFile; fileRef = 2FBCDCBE187DFA9800ADC1DD /* SLTree.m */; };
		2FBCDCC2187DFA9800ADC1DD /* SLUser.m in Sources */ = {isa = PBXBuildFile; fileRef = 2FBCDCC1187DFA9800ADC1DD /* SLUser.m */; };
		D485792D85EA4681B9A563E5 /* libPods-Staticly.a in Frameworks */ = {isa = PBXBuildFile; fileRef = 803A3C67DC77411E903E35D0 /* libPods-Staticly.a */; };
/* End PBXBuildFile section */

/* Begin PBXContainerItemProxy section */
		2FAC4E381875BA44008D46D4 /* PBXContainerItemProxy */ = {
			isa = PBXContainerItemProxy;
			containerPortal = 2FAC4DFE1875BA44008D46D4 /* Project object */;
			proxyType = 1;
			remoteGlobalIDString = 2FAC4E051875BA44008D46D4;
			remoteInfo = Staticly;
		};
/* End PBXContainerItemProxy section */

/* Begin PBXFileReference section */
		2F9090E518760780000D8D81 /* SLLoginViewController.h */ = {isa = PBXFileReference; fileEncoding = 4; lastKnownFileType = sourcecode.c.h; path = SLLoginViewController.h; sourceTree = "<group>"; };
		2F9090E618760780000D8D81 /* SLLoginViewController.m */ = {isa = PBXFileReference; fileEncoding = 4; lastKnownFileType = sourcecode.c.objc; path = SLLoginViewController.m; sourceTree = "<group>"; };
		2F9090E818772EB8000D8D81 /* SLEntryCell.h */ = {isa = PBXFileReference; fileEncoding = 4; lastKnownFileType = sourcecode.c.h; path = SLEntryCell.h; sourceTree = "<group>"; };
		2F9090E918772EB8000D8D81 /* SLEntryCell.m */ = {isa = PBXFileReference; fileEncoding = 4; lastKnownFileType = sourcecode.c.objc; path = SLEntryCell.m; sourceTree = "<group>"; };
		2F9090EB18777700000D8D81 /* githublogo.png */ = {isa = PBXFileReference; lastKnownFileType = image.png; path = githublogo.png; sourceTree = "<group>"; };
		2F9090EC18777700000D8D81 /* githublogo@2x.png */ = {isa = PBXFileReference; lastKnownFileType = image.png; path = "githublogo@2x.png"; sourceTree = "<group>"; };
		2F9090EF187789BB000D8D81 /* SLGithubSessionManager.h */ = {isa = PBXFileReference; fileEncoding = 4; lastKnownFileType = sourcecode.c.h; path = SLGithubSessionManager.h; sourceTree = "<group>"; };
		2F9090F0187789BB000D8D81 /* SLGithubSessionManager.m */ = {isa = PBXFileReference; fileEncoding = 4; lastKnownFileType = sourcecode.c.objc; path = SLGithubSessionManager.m; sourceTree = "<group>"; };
		2F9090F2187792BE000D8D81 /* githubapi.plist */ = {isa = PBXFileReference; fileEncoding = 4; lastKnownFileType = text.plist.xml; path = githubapi.plist; sourceTree = "<group>"; };
		2F9090F7187797E9000D8D81 /* SLGitObject.h */ = {isa = PBXFileReference; lastKnownFileType = sourcecode.c.h; path = SLGitObject.h; sourceTree = "<group>"; };
		2F9090FB1877C728000D8D81 /* SLSitesViewController.h */ = {isa = PBXFileReference; fileEncoding = 4; lastKnownFileType = sourcecode.c.h; path = SLSitesViewController.h; sourceTree = "<group>"; };
		2F9090FC1877C729000D8D81 /* SLSitesViewController.m */ = {isa = PBXFileReference; fileEncoding = 4; lastKnownFileType = sourcecode.c.objc; path = SLSitesViewController.m; sourceTree = "<group>"; };
		2F97441D187B14D8000FE5F2 /* SLBranchesViewController.h */ = {isa = PBXFileReference; fileEncoding = 4; lastKnownFileType = sourcecode.c.h; path = SLBranchesViewController.h; sourceTree = "<group>"; };
		2F97441E187B14D8000FE5F2 /* SLBranchesViewController.m */ = {isa = PBXFileReference; fileEncoding = 4; lastKnownFileType = sourcecode.c.objc; path = SLBranchesViewController.m; sourceTree = "<group>"; };
		2F97442A187B3A7C000FE5F2 /* SLMenuViewController.h */ = {isa = PBXFileReference; fileEncoding = 4; lastKnownFileType = sourcecode.c.h; path = SLMenuViewController.h; sourceTree = "<group>"; };
		2F97442B187B3A7C000FE5F2 /* SLMenuViewController.m */ = {isa = PBXFileReference; fileEncoding = 4; lastKnownFileType = sourcecode.c.objc; path = SLMenuViewController.m; sourceTree = "<group>"; };
		2FAC4E061875BA44008D46D4 /* Staticly.app */ = {isa = PBXFileReference; explicitFileType = wrapper.application; includeInIndex = 0; path = Staticly.app; sourceTree = BUILT_PRODUCTS_DIR; };
		2FAC4E091875BA44008D46D4 /* Foundation.framework */ = {isa = PBXFileReference; lastKnownFileType = wrapper.framework; name = Foundation.framework; path = System/Library/Frameworks/Foundation.framework; sourceTree = SDKROOT; };
		2FAC4E0B1875BA44008D46D4 /* CoreGraphics.framework */ = {isa = PBXFileReference; lastKnownFileType = wrapper.framework; name = CoreGraphics.framework; path = System/Library/Frameworks/CoreGraphics.framework; sourceTree = SDKROOT; };
		2FAC4E0D1875BA44008D46D4 /* UIKit.framework */ = {isa = PBXFileReference; lastKnownFileType = wrapper.framework; name = UIKit.framework; path = System/Library/Frameworks/UIKit.framework; sourceTree = SDKROOT; };
		2FAC4E0F1875BA44008D46D4 /* CoreData.framework */ = {isa = PBXFileReference; lastKnownFileType = wrapper.framework; name = CoreData.framework; path = System/Library/Frameworks/CoreData.framework; sourceTree = SDKROOT; };
		2FAC4E131875BA44008D46D4 /* Staticly-Info.plist */ = {isa = PBXFileReference; lastKnownFileType = text.plist.xml; path = "Staticly-Info.plist"; sourceTree = "<group>"; };
		2FAC4E151875BA44008D46D4 /* en */ = {isa = PBXFileReference; lastKnownFileType = text.plist.strings; name = en; path = en.lproj/InfoPlist.strings; sourceTree = "<group>"; };
		2FAC4E171875BA44008D46D4 /* main.m */ = {isa = PBXFileReference; lastKnownFileType = sourcecode.c.objc; path = main.m; sourceTree = "<group>"; };
		2FAC4E191875BA44008D46D4 /* Staticly-Prefix.pch */ = {isa = PBXFileReference; lastKnownFileType = sourcecode.c.h; path = "Staticly-Prefix.pch"; sourceTree = "<group>"; };
		2FAC4E1A1875BA44008D46D4 /* SLAppDelegate.h */ = {isa = PBXFileReference; lastKnownFileType = sourcecode.c.h; path = SLAppDelegate.h; sourceTree = "<group>"; };
		2FAC4E1B1875BA44008D46D4 /* SLAppDelegate.m */ = {isa = PBXFileReference; lastKnownFileType = sourcecode.c.objc; path = SLAppDelegate.m; sourceTree = "<group>"; };
		2FAC4E1E1875BA44008D46D4 /* Base */ = {isa = PBXFileReference; lastKnownFileType = file.storyboard; name = Base; path = Base.lproj/Main_iPhone.storyboard; sourceTree = "<group>"; };
		2FAC4E211875BA44008D46D4 /* Base */ = {isa = PBXFileReference; lastKnownFileType = file.storyboard; name = Base; path = Base.lproj/Main_iPad.storyboard; sourceTree = "<group>"; };
		2FAC4E241875BA44008D46D4 /* Staticly.xcdatamodel */ = {isa = PBXFileReference; lastKnownFileType = wrapper.xcdatamodel; path = Staticly.xcdatamodel; sourceTree = "<group>"; };
		2FAC4E2C1875BA44008D46D4 /* Images.xcassets */ = {isa = PBXFileReference; lastKnownFileType = folder.assetcatalog; path = Images.xcassets; sourceTree = "<group>"; };
		2FAC4E321875BA44008D46D4 /* StaticlyTests.xctest */ = {isa = PBXFileReference; explicitFileType = wrapper.cfbundle; includeInIndex = 0; path = StaticlyTests.xctest; sourceTree = BUILT_PRODUCTS_DIR; };
		2FAC4E331875BA44008D46D4 /* XCTest.framework */ = {isa = PBXFileReference; lastKnownFileType = wrapper.framework; name = XCTest.framework; path = Library/Frameworks/XCTest.framework; sourceTree = DEVELOPER_DIR; };
		2FAC4E3C1875BA44008D46D4 /* StaticlyTests-Info.plist */ = {isa = PBXFileReference; lastKnownFileType = text.plist.xml; path = "StaticlyTests-Info.plist"; sourceTree = "<group>"; };
		2FAC4E3E1875BA44008D46D4 /* en */ = {isa = PBXFileReference; lastKnownFileType = text.plist.strings; name = en; path = en.lproj/InfoPlist.strings; sourceTree = "<group>"; };
		2FAC4E401875BA44008D46D4 /* StaticlyTests.m */ = {isa = PBXFileReference; lastKnownFileType = sourcecode.c.objc; path = StaticlyTests.m; sourceTree = "<group>"; };
		2FBCDCB1187DFA9700ADC1DD /* SLBlob.h */ = {isa = PBXFileReference; fileEncoding = 4; lastKnownFileType = sourcecode.c.h; path = SLBlob.h; sourceTree = "<group>"; };
		2FBCDCB2187DFA9700ADC1DD /* SLBlob.m */ = {isa = PBXFileReference; fileEncoding = 4; lastKnownFileType = sourcecode.c.objc; path = SLBlob.m; sourceTree = "<group>"; };
		2FBCDCB4187DFA9800ADC1DD /* SLSite.h */ = {isa = PBXFileReference; fileEncoding = 4; lastKnownFileType = sourcecode.c.h; path = SLSite.h; sourceTree = "<group>"; };
		2FBCDCB5187DFA9800ADC1DD /* SLSite.m */ = {isa = PBXFileReference; fileEncoding = 4; lastKnownFileType = sourcecode.c.objc; path = SLSite.m; sourceTree = "<group>"; };
		2FBCDCB7187DFA9800ADC1DD /* SLBranch.h */ = {isa = PBXFileReference; fileEncoding = 4; lastKnownFileType = sourcecode.c.h; path = SLBranch.h; sourceTree = "<group>"; };
		2FBCDCB8187DFA9800ADC1DD /* SLBranch.m */ = {isa = PBXFileReference; fileEncoding = 4; lastKnownFileType = sourcecode.c.objc; path = SLBranch.m; sourceTree = "<group>"; };
		2FBCDCBA187DFA9800ADC1DD /* SLCommit.h */ = {isa = PBXFileReference; fileEncoding = 4; lastKnownFileType = sourcecode.c.h; path = SLCommit.h; sourceTree = "<group>"; };
		2FBCDCBB187DFA9800ADC1DD /* SLCommit.m */ = {isa = PBXFileReference; fileEncoding = 4; lastKnownFileType = sourcecode.c.objc; path = SLCommit.m; sourceTree = "<group>"; };
		2FBCDCBD187DFA9800ADC1DD /* SLTree.h */ = {isa = PBXFileReference; fileEncoding = 4; lastKnownFileType = sourcecode.c.h; path = SLTree.h; sourceTree = "<group>"; };
		2FBCDCBE187DFA9800ADC1DD /* SLTree.m */ = {isa = PBXFileReference; fileEncoding = 4; lastKnownFileType = sourcecode.c.objc; path = SLTree.m; sourceTree = "<group>"; };
		2FBCDCC0187DFA9800ADC1DD /* SLUser.h */ = {isa = PBXFileReference; fileEncoding = 4; lastKnownFileType = sourcecode.c.h; path = SLUser.h; sourceTree = "<group>"; };
		2FBCDCC1187DFA9800ADC1DD /* SLUser.m */ = {isa = PBXFileReference; fileEncoding = 4; lastKnownFileType = sourcecode.c.objc; path = SLUser.m; sourceTree = "<group>"; };
		803A3C67DC77411E903E35D0 /* libPods-Staticly.a */ = {isa = PBXFileReference; explicitFileType = archive.ar; includeInIndex = 0; path = "libPods-Staticly.a"; sourceTree = BUILT_PRODUCTS_DIR; };
		E284E42D29D1489AAED9412C /* Pods-Staticly.xcconfig */ = {isa = PBXFileReference; includeInIndex = 1; lastKnownFileType = text.xcconfig; name = "Pods-Staticly.xcconfig"; path = "Pods/Pods-Staticly.xcconfig"; sourceTree = "<group>"; };
/* End PBXFileReference section */

/* Begin PBXFrameworksBuildPhase section */
		2FAC4E031875BA44008D46D4 /* Frameworks */ = {
			isa = PBXFrameworksBuildPhase;
			buildActionMask = 2147483647;
			files = (
				2FAC4E0C1875BA44008D46D4 /* CoreGraphics.framework in Frameworks */,
				2FAC4E101875BA44008D46D4 /* CoreData.framework in Frameworks */,
				2FAC4E0E1875BA44008D46D4 /* UIKit.framework in Frameworks */,
				2FAC4E0A1875BA44008D46D4 /* Foundation.framework in Frameworks */,
				D485792D85EA4681B9A563E5 /* libPods-Staticly.a in Frameworks */,
			);
			runOnlyForDeploymentPostprocessing = 0;
		};
		2FAC4E2F1875BA44008D46D4 /* Frameworks */ = {
			isa = PBXFrameworksBuildPhase;
			buildActionMask = 2147483647;
			files = (
				2FAC4E341875BA44008D46D4 /* XCTest.framework in Frameworks */,
				2F974429187B370F000FE5F2 /* libPods-Staticly.a in Frameworks */,
				2FAC4E371875BA44008D46D4 /* CoreData.framework in Frameworks */,
				2FAC4E361875BA44008D46D4 /* UIKit.framework in Frameworks */,
				2FAC4E351875BA44008D46D4 /* Foundation.framework in Frameworks */,
			);
			runOnlyForDeploymentPostprocessing = 0;
		};
/* End PBXFrameworksBuildPhase section */

/* Begin PBXGroup section */
		2F9090E218760682000D8D81 /* Controllers */ = {
			isa = PBXGroup;
			children = (
				2F9090E518760780000D8D81 /* SLLoginViewController.h */,
				2F9090E618760780000D8D81 /* SLLoginViewController.m */,
				2F9090FB1877C728000D8D81 /* SLSitesViewController.h */,
				2F9090FC1877C729000D8D81 /* SLSitesViewController.m */,
				2F97441D187B14D8000FE5F2 /* SLBranchesViewController.h */,
				2F97441E187B14D8000FE5F2 /* SLBranchesViewController.m */,
				2F97442A187B3A7C000FE5F2 /* SLMenuViewController.h */,
				2F97442B187B3A7C000FE5F2 /* SLMenuViewController.m */,
			);
			name = Controllers;
			sourceTree = "<group>";
		};
		2F9090E318760688000D8D81 /* Views */ = {
			isa = PBXGroup;
			children = (
				2F9090E818772EB8000D8D81 /* SLEntryCell.h */,
				2F9090E918772EB8000D8D81 /* SLEntryCell.m */,
			);
			name = Views;
			sourceTree = "<group>";
		};
		2F9090E418760690000D8D81 /* Models */ = {
			isa = PBXGroup;
			children = (
				2FBCDCC0187DFA9800ADC1DD /* SLUser.h */,
				2FBCDCC1187DFA9800ADC1DD /* SLUser.m */,
				2FBCDCBD187DFA9800ADC1DD /* SLTree.h */,
				2FBCDCBE187DFA9800ADC1DD /* SLTree.m */,
				2FBCDCBA187DFA9800ADC1DD /* SLCommit.h */,
				2FBCDCBB187DFA9800ADC1DD /* SLCommit.m */,
				2FBCDCB7187DFA9800ADC1DD /* SLBranch.h */,
				2FBCDCB8187DFA9800ADC1DD /* SLBranch.m */,
				2FBCDCB4187DFA9800ADC1DD /* SLSite.h */,
				2FBCDCB5187DFA9800ADC1DD /* SLSite.m */,
				2FBCDCB1187DFA9700ADC1DD /* SLBlob.h */,
				2FBCDCB2187DFA9700ADC1DD /* SLBlob.m */,
				2F9090F7187797E9000D8D81 /* SLGitObject.h */,
			);
			name = Models;
			sourceTree = "<group>";
		};
		2FAC4DFD1875BA44008D46D4 = {
			isa = PBXGroup;
			children = (
				2FAC4E111875BA44008D46D4 /* Staticly */,
				2FAC4E3A1875BA44008D46D4 /* StaticlyTests */,
				2FAC4E081875BA44008D46D4 /* Frameworks */,
				2FAC4E071875BA44008D46D4 /* Products */,
				E284E42D29D1489AAED9412C /* Pods-Staticly.xcconfig */,
			);
			sourceTree = "<group>";
		};
		2FAC4E071875BA44008D46D4 /* Products */ = {
			isa = PBXGroup;
			children = (
				2FAC4E061875BA44008D46D4 /* Staticly.app */,
				2FAC4E321875BA44008D46D4 /* StaticlyTests.xctest */,
			);
			name = Products;
			sourceTree = "<group>";
		};
		2FAC4E081875BA44008D46D4 /* Frameworks */ = {
			isa = PBXGroup;
			children = (
				2FAC4E091875BA44008D46D4 /* Foundation.framework */,
				2FAC4E0B1875BA44008D46D4 /* CoreGraphics.framework */,
				2FAC4E0D1875BA44008D46D4 /* UIKit.framework */,
				2FAC4E0F1875BA44008D46D4 /* CoreData.framework */,
				2FAC4E331875BA44008D46D4 /* XCTest.framework */,
				803A3C67DC77411E903E35D0 /* libPods-Staticly.a */,
			);
			name = Frameworks;
			sourceTree = "<group>";
		};
		2FAC4E111875BA44008D46D4 /* Staticly */ = {
			isa = PBXGroup;
			children = (
				2F9090E418760690000D8D81 /* Models */,
				2F9090E318760688000D8D81 /* Views */,
				2F9090E218760682000D8D81 /* Controllers */,
				2FAC4E1A1875BA44008D46D4 /* SLAppDelegate.h */,
				2FAC4E1B1875BA44008D46D4 /* SLAppDelegate.m */,
				2FAC4E1D1875BA44008D46D4 /* Main_iPhone.storyboard */,
				2FAC4E201875BA44008D46D4 /* Main_iPad.storyboard */,
				2FAC4E2C1875BA44008D46D4 /* Images.xcassets */,
				2FAC4E231875BA44008D46D4 /* Staticly.xcdatamodeld */,
				2FAC4E121875BA44008D46D4 /* Supporting Files */,
				2F9090EF187789BB000D8D81 /* SLGithubSessionManager.h */,
				2F9090F0187789BB000D8D81 /* SLGithubSessionManager.m */,
			);
			path = Staticly;
			sourceTree = "<group>";
		};
		2FAC4E121875BA44008D46D4 /* Supporting Files */ = {
			isa = PBXGroup;
			children = (
				2F9090EB18777700000D8D81 /* githublogo.png */,
				2F9090EC18777700000D8D81 /* githublogo@2x.png */,
				2FAC4E131875BA44008D46D4 /* Staticly-Info.plist */,
				2FAC4E141875BA44008D46D4 /* InfoPlist.strings */,
				2FAC4E171875BA44008D46D4 /* main.m */,
				2FAC4E191875BA44008D46D4 /* Staticly-Prefix.pch */,
				2F9090F2187792BE000D8D81 /* githubapi.plist */,
			);
			name = "Supporting Files";
			sourceTree = "<group>";
		};
		2FAC4E3A1875BA44008D46D4 /* StaticlyTests */ = {
			isa = PBXGroup;
			children = (
				2FAC4E401875BA44008D46D4 /* StaticlyTests.m */,
				2FAC4E3B1875BA44008D46D4 /* Supporting Files */,
			);
			path = StaticlyTests;
			sourceTree = "<group>";
		};
		2FAC4E3B1875BA44008D46D4 /* Supporting Files */ = {
			isa = PBXGroup;
			children = (
				2FAC4E3C1875BA44008D46D4 /* StaticlyTests-Info.plist */,
				2FAC4E3D1875BA44008D46D4 /* InfoPlist.strings */,
			);
			name = "Supporting Files";
			sourceTree = "<group>";
		};
/* End PBXGroup section */

/* Begin PBXNativeTarget section */
		2FAC4E051875BA44008D46D4 /* Staticly */ = {
			isa = PBXNativeTarget;
			buildConfigurationList = 2FAC4E441875BA44008D46D4 /* Build configuration list for PBXNativeTarget "Staticly" */;
			buildPhases = (
				BEC07025BA6345A79931F6C7 /* Check Pods Manifest.lock */,
				2FAC4E021875BA44008D46D4 /* Sources */,
				2FAC4E031875BA44008D46D4 /* Frameworks */,
				2FAC4E041875BA44008D46D4 /* Resources */,
				F3BF3A9B95594969B1C5E7F5 /* Copy Pods Resources */,
			);
			buildRules = (
			);
			dependencies = (
			);
			name = Staticly;
			productName = Staticly;
			productReference = 2FAC4E061875BA44008D46D4 /* Staticly.app */;
			productType = "com.apple.product-type.application";
		};
		2FAC4E311875BA44008D46D4 /* StaticlyTests */ = {
			isa = PBXNativeTarget;
			buildConfigurationList = 2FAC4E471875BA44008D46D4 /* Build configuration list for PBXNativeTarget "StaticlyTests" */;
			buildPhases = (
				2FAC4E2E1875BA44008D46D4 /* Sources */,
				2FAC4E2F1875BA44008D46D4 /* Frameworks */,
				2FAC4E301875BA44008D46D4 /* Resources */,
			);
			buildRules = (
			);
			dependencies = (
				2FAC4E391875BA44008D46D4 /* PBXTargetDependency */,
			);
			name = StaticlyTests;
			productName = StaticlyTests;
			productReference = 2FAC4E321875BA44008D46D4 /* StaticlyTests.xctest */;
			productType = "com.apple.product-type.bundle.unit-test";
		};
/* End PBXNativeTarget section */

/* Begin PBXProject section */
		2FAC4DFE1875BA44008D46D4 /* Project object */ = {
			isa = PBXProject;
			attributes = {
				CLASSPREFIX = SL;
				LastUpgradeCheck = 0500;
				ORGANIZATIONNAME = "Bradley Ringel";
				TargetAttributes = {
					2FAC4E051875BA44008D46D4 = {
						DevelopmentTeam = HK7854N4SL;
					};
					2FAC4E311875BA44008D46D4 = {
						TestTargetID = 2FAC4E051875BA44008D46D4;
					};
				};
			};
			buildConfigurationList = 2FAC4E011875BA44008D46D4 /* Build configuration list for PBXProject "Staticly" */;
			compatibilityVersion = "Xcode 3.2";
			developmentRegion = English;
			hasScannedForEncodings = 0;
			knownRegions = (
				en,
				Base,
			);
			mainGroup = 2FAC4DFD1875BA44008D46D4;
			productRefGroup = 2FAC4E071875BA44008D46D4 /* Products */;
			projectDirPath = "";
			projectRoot = "";
			targets = (
				2FAC4E051875BA44008D46D4 /* Staticly */,
				2FAC4E311875BA44008D46D4 /* StaticlyTests */,
			);
		};
/* End PBXProject section */

/* Begin PBXResourcesBuildPhase section */
		2FAC4E041875BA44008D46D4 /* Resources */ = {
			isa = PBXResourcesBuildPhase;
			buildActionMask = 2147483647;
			files = (
				2FAC4E221875BA44008D46D4 /* Main_iPad.storyboard in Resources */,
				2FAC4E2D1875BA44008D46D4 /* Images.xcassets in Resources */,
				2FAC4E1F1875BA44008D46D4 /* Main_iPhone.storyboard in Resources */,
				2F9090F3187792BE000D8D81 /* githubapi.plist in Resources */,
				2F9090ED18777700000D8D81 /* githublogo.png in Resources */,
				2F9090EE18777700000D8D81 /* githublogo@2x.png in Resources */,
				2FAC4E161875BA44008D46D4 /* InfoPlist.strings in Resources */,
			);
			runOnlyForDeploymentPostprocessing = 0;
		};
		2FAC4E301875BA44008D46D4 /* Resources */ = {
			isa = PBXResourcesBuildPhase;
			buildActionMask = 2147483647;
			files = (
				2FAC4E3F1875BA44008D46D4 /* InfoPlist.strings in Resources */,
			);
			runOnlyForDeploymentPostprocessing = 0;
		};
/* End PBXResourcesBuildPhase section */

/* Begin PBXShellScriptBuildPhase section */
		BEC07025BA6345A79931F6C7 /* Check Pods Manifest.lock */ = {
			isa = PBXShellScriptBuildPhase;
			buildActionMask = 2147483647;
			files = (
			);
			inputPaths = (
			);
			name = "Check Pods Manifest.lock";
			outputPaths = (
			);
			runOnlyForDeploymentPostprocessing = 0;
			shellPath = /bin/sh;
			shellScript = "diff \"${PODS_ROOT}/../Podfile.lock\" \"${PODS_ROOT}/Manifest.lock\" > /dev/null\nif [[ $? != 0 ]] ; then\n    cat << EOM\nerror: The sandbox is not in sync with the Podfile.lock. Run 'pod install' or update your CocoaPods installation.\nEOM\n    exit 1\nfi\n";
			showEnvVarsInLog = 0;
		};
		F3BF3A9B95594969B1C5E7F5 /* Copy Pods Resources */ = {
			isa = PBXShellScriptBuildPhase;
			buildActionMask = 2147483647;
			files = (
			);
			inputPaths = (
			);
			name = "Copy Pods Resources";
			outputPaths = (
			);
			runOnlyForDeploymentPostprocessing = 0;
			shellPath = /bin/sh;
			shellScript = "\"${SRCROOT}/Pods/Pods-Staticly-resources.sh\"\n";
			showEnvVarsInLog = 0;
		};
/* End PBXShellScriptBuildPhase section */

/* Begin PBXSourcesBuildPhase section */
		2FAC4E021875BA44008D46D4 /* Sources */ = {
			isa = PBXSourcesBuildPhase;
			buildActionMask = 2147483647;
			files = (
				2F9090FD1877C729000D8D81 /* SLSitesViewController.m in Sources */,
				2FBCDCB9187DFA9800ADC1DD /* SLBranch.m in Sources */,
				2F9090EA18772EB8000D8D81 /* SLEntryCell.m in Sources */,
				2F97441F187B14D8000FE5F2 /* SLBranchesViewController.m in Sources */,
				2FBCDCC2187DFA9800ADC1DD /* SLUser.m in Sources */,
				2FAC4E181875BA44008D46D4 /* main.m in Sources */,
				2FBCDCBF187DFA9800ADC1DD /* SLTree.m in Sources */,
				2FBCDCBC187DFA9800ADC1DD /* SLCommit.m in Sources */,
				2F9090E718760780000D8D81 /* SLLoginViewController.m in Sources */,
				2FAC4E251875BA44008D46D4 /* Staticly.xcdatamodeld in Sources */,
				2FBCDCB3187DFA9700ADC1DD /* SLBlob.m in Sources */,
				2F97442C187B3A7C000FE5F2 /* SLMenuViewController.m in Sources */,
				2FBCDCB6187DFA9800ADC1DD /* SLSite.m in Sources */,
				2F9090F1187789BB000D8D81 /* SLGithubSessionManager.m in Sources */,
				2FAC4E1C1875BA44008D46D4 /* SLAppDelegate.m in Sources */,
			);
			runOnlyForDeploymentPostprocessing = 0;
		};
		2FAC4E2E1875BA44008D46D4 /* Sources */ = {
			isa = PBXSourcesBuildPhase;
			buildActionMask = 2147483647;
			files = (
				2FAC4E411875BA44008D46D4 /* StaticlyTests.m in Sources */,
			);
			runOnlyForDeploymentPostprocessing = 0;
		};
/* End PBXSourcesBuildPhase section */

/* Begin PBXTargetDependency section */
		2FAC4E391875BA44008D46D4 /* PBXTargetDependency */ = {
			isa = PBXTargetDependency;
			target = 2FAC4E051875BA44008D46D4 /* Staticly */;
			targetProxy = 2FAC4E381875BA44008D46D4 /* PBXContainerItemProxy */;
		};
/* End PBXTargetDependency section */

/* Begin PBXVariantGroup section */
		2FAC4E141875BA44008D46D4 /* InfoPlist.strings */ = {
			isa = PBXVariantGroup;
			children = (
				2FAC4E151875BA44008D46D4 /* en */,
			);
			name = InfoPlist.strings;
			sourceTree = "<group>";
		};
		2FAC4E1D1875BA44008D46D4 /* Main_iPhone.storyboard */ = {
			isa = PBXVariantGroup;
			children = (
				2FAC4E1E1875BA44008D46D4 /* Base */,
			);
			name = Main_iPhone.storyboard;
			sourceTree = "<group>";
		};
		2FAC4E201875BA44008D46D4 /* Main_iPad.storyboard */ = {
			isa = PBXVariantGroup;
			children = (
				2FAC4E211875BA44008D46D4 /* Base */,
			);
			name = Main_iPad.storyboard;
			sourceTree = "<group>";
		};
		2FAC4E3D1875BA44008D46D4 /* InfoPlist.strings */ = {
			isa = PBXVariantGroup;
			children = (
				2FAC4E3E1875BA44008D46D4 /* en */,
			);
			name = InfoPlist.strings;
			sourceTree = "<group>";
		};
/* End PBXVariantGroup section */

/* Begin XCBuildConfiguration section */
		2FAC4E421875BA44008D46D4 /* Debug */ = {
			isa = XCBuildConfiguration;
			buildSettings = {
				ALWAYS_SEARCH_USER_PATHS = NO;
				ARCHS = "$(ARCHS_STANDARD_INCLUDING_64_BIT)";
				CLANG_CXX_LANGUAGE_STANDARD = "gnu++0x";
				CLANG_CXX_LIBRARY = "libc++";
				CLANG_ENABLE_MODULES = YES;
				CLANG_ENABLE_OBJC_ARC = YES;
				CLANG_WARN_BOOL_CONVERSION = YES;
				CLANG_WARN_CONSTANT_CONVERSION = YES;
				CLANG_WARN_DIRECT_OBJC_ISA_USAGE = YES_ERROR;
				CLANG_WARN_EMPTY_BODY = YES;
				CLANG_WARN_ENUM_CONVERSION = YES;
				CLANG_WARN_INT_CONVERSION = YES;
				CLANG_WARN_OBJC_ROOT_CLASS = YES_ERROR;
				CLANG_WARN__DUPLICATE_METHOD_MATCH = YES;
				"CODE_SIGN_IDENTITY[sdk=iphoneos*]" = "iPhone Developer";
				COPY_PHASE_STRIP = NO;
				GCC_C_LANGUAGE_STANDARD = gnu99;
				GCC_DYNAMIC_NO_PIC = NO;
				GCC_OPTIMIZATION_LEVEL = 0;
				GCC_PREPROCESSOR_DEFINITIONS = (
					"DEBUG=1",
					"$(inherited)",
				);
				GCC_SYMBOLS_PRIVATE_EXTERN = NO;
				GCC_WARN_64_TO_32_BIT_CONVERSION = YES;
				GCC_WARN_ABOUT_RETURN_TYPE = YES_ERROR;
				GCC_WARN_UNDECLARED_SELECTOR = YES;
				GCC_WARN_UNINITIALIZED_AUTOS = YES;
				GCC_WARN_UNUSED_FUNCTION = YES;
				GCC_WARN_UNUSED_VARIABLE = YES;
				IPHONEOS_DEPLOYMENT_TARGET = 7.0;
				ONLY_ACTIVE_ARCH = YES;
				SDKROOT = iphoneos;
				TARGETED_DEVICE_FAMILY = "1,2";
			};
			name = Debug;
		};
		2FAC4E431875BA44008D46D4 /* Release */ = {
			isa = XCBuildConfiguration;
			buildSettings = {
				ALWAYS_SEARCH_USER_PATHS = NO;
				ARCHS = "$(ARCHS_STANDARD_INCLUDING_64_BIT)";
				CLANG_CXX_LANGUAGE_STANDARD = "gnu++0x";
				CLANG_CXX_LIBRARY = "libc++";
				CLANG_ENABLE_MODULES = YES;
				CLANG_ENABLE_OBJC_ARC = YES;
				CLANG_WARN_BOOL_CONVERSION = YES;
				CLANG_WARN_CONSTANT_CONVERSION = YES;
				CLANG_WARN_DIRECT_OBJC_ISA_USAGE = YES_ERROR;
				CLANG_WARN_EMPTY_BODY = YES;
				CLANG_WARN_ENUM_CONVERSION = YES;
				CLANG_WARN_INT_CONVERSION = YES;
				CLANG_WARN_OBJC_ROOT_CLASS = YES_ERROR;
				CLANG_WARN__DUPLICATE_METHOD_MATCH = YES;
				"CODE_SIGN_IDENTITY[sdk=iphoneos*]" = "iPhone Developer";
				COPY_PHASE_STRIP = YES;
				ENABLE_NS_ASSERTIONS = NO;
				GCC_C_LANGUAGE_STANDARD = gnu99;
				GCC_WARN_64_TO_32_BIT_CONVERSION = YES;
				GCC_WARN_ABOUT_RETURN_TYPE = YES_ERROR;
				GCC_WARN_UNDECLARED_SELECTOR = YES;
				GCC_WARN_UNINITIALIZED_AUTOS = YES;
				GCC_WARN_UNUSED_FUNCTION = YES;
				GCC_WARN_UNUSED_VARIABLE = YES;
				IPHONEOS_DEPLOYMENT_TARGET = 7.0;
				SDKROOT = iphoneos;
				TARGETED_DEVICE_FAMILY = "1,2";
				VALIDATE_PRODUCT = YES;
			};
			name = Release;
		};
		2FAC4E451875BA44008D46D4 /* Debug */ = {
			isa = XCBuildConfiguration;
			baseConfigurationReference = E284E42D29D1489AAED9412C /* Pods-Staticly.xcconfig */;
			buildSettings = {
				ASSETCATALOG_COMPILER_APPICON_NAME = AppIcon;
				ASSETCATALOG_COMPILER_LAUNCHIMAGE_NAME = LaunchImage;
				CODE_SIGN_IDENTITY = "iPhone Developer";
				"CODE_SIGN_IDENTITY[sdk=iphoneos*]" = "iPhone Developer: Bradley Ringel (2WB8P2K6SQ)";
				GCC_PRECOMPILE_PREFIX_HEADER = YES;
				GCC_PREFIX_HEADER = "Staticly/Staticly-Prefix.pch";
				INFOPLIST_FILE = "Staticly/Staticly-Info.plist";
				IPHONEOS_DEPLOYMENT_TARGET = 6.1;
				PRODUCT_NAME = "$(TARGET_NAME)";
				WRAPPER_EXTENSION = app;
			};
			name = Debug;
		};
		2FAC4E461875BA44008D46D4 /* Release */ = {
			isa = XCBuildConfiguration;
			baseConfigurationReference = E284E42D29D1489AAED9412C /* Pods-Staticly.xcconfig */;
			buildSettings = {
				ASSETCATALOG_COMPILER_APPICON_NAME = AppIcon;
				ASSETCATALOG_COMPILER_LAUNCHIMAGE_NAME = LaunchImage;
				CODE_SIGN_IDENTITY = "iPhone Developer";
				"CODE_SIGN_IDENTITY[sdk=iphoneos*]" = "iPhone Developer: Bradley Ringel (2WB8P2K6SQ)";
				GCC_PRECOMPILE_PREFIX_HEADER = YES;
				GCC_PREFIX_HEADER = "Staticly/Staticly-Prefix.pch";
				INFOPLIST_FILE = "Staticly/Staticly-Info.plist";
				IPHONEOS_DEPLOYMENT_TARGET = 6.1;
				PRODUCT_NAME = "$(TARGET_NAME)";
				WRAPPER_EXTENSION = app;
			};
			name = Release;
		};
		2FAC4E481875BA44008D46D4 /* Debug */ = {
			isa = XCBuildConfiguration;
			buildSettings = {
				ARCHS = "$(ARCHS_STANDARD_INCLUDING_64_BIT)";
				BUNDLE_LOADER = "$(BUILT_PRODUCTS_DIR)/Staticly.app/Staticly";
				FRAMEWORK_SEARCH_PATHS = (
					"$(SDKROOT)/Developer/Library/Frameworks",
					"$(inherited)",
					"$(DEVELOPER_FRAMEWORKS_DIR)",
				);
				GCC_PRECOMPILE_PREFIX_HEADER = YES;
				GCC_PREFIX_HEADER = "Staticly/Staticly-Prefix.pch";
				GCC_PREPROCESSOR_DEFINITIONS = (
					"DEBUG=1",
					"$(inherited)",
				);
				INFOPLIST_FILE = "StaticlyTests/StaticlyTests-Info.plist";
				PRODUCT_NAME = "$(TARGET_NAME)";
				TEST_HOST = "$(BUNDLE_LOADER)";
				WRAPPER_EXTENSION = xctest;
			};
			name = Debug;
		};
		2FAC4E491875BA44008D46D4 /* Release */ = {
			isa = XCBuildConfiguration;
			buildSettings = {
				ARCHS = "$(ARCHS_STANDARD_INCLUDING_64_BIT)";
				BUNDLE_LOADER = "$(BUILT_PRODUCTS_DIR)/Staticly.app/Staticly";
				FRAMEWORK_SEARCH_PATHS = (
					"$(SDKROOT)/Developer/Library/Frameworks",
					"$(inherited)",
					"$(DEVELOPER_FRAMEWORKS_DIR)",
				);
				GCC_PRECOMPILE_PREFIX_HEADER = YES;
				GCC_PREFIX_HEADER = "Staticly/Staticly-Prefix.pch";
				INFOPLIST_FILE = "StaticlyTests/StaticlyTests-Info.plist";
				PRODUCT_NAME = "$(TARGET_NAME)";
				TEST_HOST = "$(BUNDLE_LOADER)";
				WRAPPER_EXTENSION = xctest;
			};
			name = Release;
		};
/* End XCBuildConfiguration section */

/* Begin XCConfigurationList section */
		2FAC4E011875BA44008D46D4 /* Build configuration list for PBXProject "Staticly" */ = {
			isa = XCConfigurationList;
			buildConfigurations = (
				2FAC4E421875BA44008D46D4 /* Debug */,
				2FAC4E431875BA44008D46D4 /* Release */,
			);
			defaultConfigurationIsVisible = 0;
			defaultConfigurationName = Release;
		};
		2FAC4E441875BA44008D46D4 /* Build configuration list for PBXNativeTarget "Staticly" */ = {
			isa = XCConfigurationList;
			buildConfigurations = (
				2FAC4E451875BA44008D46D4 /* Debug */,
				2FAC4E461875BA44008D46D4 /* Release */,
			);
			defaultConfigurationIsVisible = 0;
			defaultConfigurationName = Release;
		};
		2FAC4E471875BA44008D46D4 /* Build configuration list for PBXNativeTarget "StaticlyTests" */ = {
			isa = XCConfigurationList;
			buildConfigurations = (
				2FAC4E481875BA44008D46D4 /* Debug */,
				2FAC4E491875BA44008D46D4 /* Release */,
			);
			defaultConfigurationIsVisible = 0;
			defaultConfigurationName = Release;
		};
/* End XCConfigurationList section */

/* Begin XCVersionGroup section */
		2FAC4E231875BA44008D46D4 /* Staticly.xcdatamodeld */ = {
			isa = XCVersionGroup;
			children = (
				2FAC4E241875BA44008D46D4 /* Staticly.xcdatamodel */,
			);
			currentVersion = 2FAC4E241875BA44008D46D4 /* Staticly.xcdatamodel */;
			path = Staticly.xcdatamodeld;
			sourceTree = "<group>";
			versionGroupType = wrapper.xcdatamodel;
		};
/* End XCVersionGroup section */
	};
	rootObject = 2FAC4DFE1875BA44008D46D4 /* Project object */;
}
