PODS:
  - AFNetworkActivityLogger (2.0.1):
    - AFNetworking (~> 2.0)
  - AFNetworking (2.0.3):
    - AFNetworking/NSURLConnection
    - AFNetworking/NSURLSession
    - AFNetworking/Reachability
    - AFNetworking/Security
    - AFNetworking/Serialization
    - AFNetworking/UIKit
  - AFNetworking/NSURLConnection (2.0.3):
    - AFNetworking/Reachability
    - AFNetworking/Security
    - AFNetworking/Serialization
  - AFNetworking/NSURLSession (2.0.3):
    - AFNetworking/NSURLConnection
  - AFNetworking/Reachability (2.0.3)
  - AFNetworking/Security (2.0.3)
  - AFNetworking/Serialization (2.0.3)
  - AFNetworking/UIKit (2.0.3):
    - AFNetworking/NSURLConnection
  - MMMarkdown (0.2.3)
  - MRProgress (0.2.2)
  - TestFlightSDK (2.2.0-noadid-beta)

DEPENDENCIES:
  - AFNetworkActivityLogger (~> 2.0.1)
  - AFNetworking (~> 2.0)
  - MMMarkdown (~> 0.2.3)
  - MRProgress (~> 0.2)
  - TestFlightSDK

SPEC CHECKSUMS:
  AFNetworkActivityLogger: c2e99aec5d965a3ee33f0954a20c5ddab18934fe
  AFNetworking: e499052cbf3d743e9bb727bb37adb9dc2547ba15
  MMMarkdown: 1775ba63d27e999aedecf75f58153243e1778ea0
  MRProgress: 51af562344c3fe38ce3c0617fd064f6f1ce55cd5
  TestFlightSDK: 64f333f91ab9d11985e6c4c188a71b22cc528097

COCOAPODS: 0.27.1
